// !$*UTF8*$!
{
	archiveVersion = 1;
	classes = {
	};
	objectVersion = 50;
	objects = {

/* Begin PBXBuildFile section */
		0B1898FE278D99B3000A0169 /* CTNotificationViewController.swift in Sources */ = {isa = PBXBuildFile; fileRef = 0B1898FD278D99B3000A0169 /* CTNotificationViewController.swift */; };
		0B18990E278D9A14000A0169 /* Assets.xcassets in Resources */ = {isa = PBXBuildFile; fileRef = 0B189909278D9A14000A0169 /* Assets.xcassets */; };
		488F31A02816FFE900AE3AC8 /* BaseCTNotificationContentViewController.swift in Sources */ = {isa = PBXBuildFile; fileRef = 488F319F2816FFE900AE3AC8 /* BaseCTNotificationContentViewController.swift */; };
		488F31A72816FFF300AE3AC8 /* ct_next_button.png in Resources */ = {isa = PBXBuildFile; fileRef = 488F31A22816FFF300AE3AC8 /* ct_next_button.png */; };
		488F31A82816FFF300AE3AC8 /* ct_previous_button.png in Resources */ = {isa = PBXBuildFile; fileRef = 488F31A32816FFF300AE3AC8 /* ct_previous_button.png */; };
		488F31A92816FFF300AE3AC8 /* ct_no_image.png in Resources */ = {isa = PBXBuildFile; fileRef = 488F31A42816FFF300AE3AC8 /* ct_no_image.png */; };
		488F31AA2816FFF300AE3AC8 /* ct_play_button.png in Resources */ = {isa = PBXBuildFile; fileRef = 488F31A52816FFF300AE3AC8 /* ct_play_button.png */; };
		488F31AB2816FFF300AE3AC8 /* ct_pause_button.png in Resources */ = {isa = PBXBuildFile; fileRef = 488F31A62816FFF300AE3AC8 /* ct_pause_button.png */; };
		488F31AE2817000200AE3AC8 /* CTVideoPlayerView.swift in Sources */ = {isa = PBXBuildFile; fileRef = 488F31AC2817000200AE3AC8 /* CTVideoPlayerView.swift */; };
		488F31AF2817000200AE3AC8 /* CTCaptionedImageView.swift in Sources */ = {isa = PBXBuildFile; fileRef = 488F31AD2817000200AE3AC8 /* CTCaptionedImageView.swift */; };
		488F31B52817001E00AE3AC8 /* CTContentSliderController.swift in Sources */ = {isa = PBXBuildFile; fileRef = 488F31B02817001E00AE3AC8 /* CTContentSliderController.swift */; };
		488F31B62817001E00AE3AC8 /* CTSingleMediaController.swift in Sources */ = {isa = PBXBuildFile; fileRef = 488F31B12817001E00AE3AC8 /* CTSingleMediaController.swift */; };
		488F31B72817001E00AE3AC8 /* GlobalConstants.swift in Sources */ = {isa = PBXBuildFile; fileRef = 488F31B22817001E00AE3AC8 /* GlobalConstants.swift */; };
		488F31B82817001E00AE3AC8 /* CTCarouselController.swift in Sources */ = {isa = PBXBuildFile; fileRef = 488F31B32817001E00AE3AC8 /* CTCarouselController.swift */; };
		488F31B92817001E00AE3AC8 /* CTTimerTemplateController.swift in Sources */ = {isa = PBXBuildFile; fileRef = 488F31B42817001E00AE3AC8 /* CTTimerTemplateController.swift */; };
		488F31BB2817008300AE3AC8 /* BaseCTNotificationContentViewController.h in Headers */ = {isa = PBXBuildFile; fileRef = 488F31BA2817008300AE3AC8 /* BaseCTNotificationContentViewController.h */; settings = {ATTRIBUTES = (Public, ); }; };
		488F31BD2817009900AE3AC8 /* BaseCTNotificationContentViewController.m in Sources */ = {isa = PBXBuildFile; fileRef = 488F31BC2817009900AE3AC8 /* BaseCTNotificationContentViewController.m */; };
		488F31BF2817011100AE3AC8 /* CTNotificationViewController.h in Headers */ = {isa = PBXBuildFile; fileRef = 488F31BE2817011100AE3AC8 /* CTNotificationViewController.h */; settings = {ATTRIBUTES = (Public, ); }; };
		488F31C12817012500AE3AC8 /* CTNotificationViewController.m in Sources */ = {isa = PBXBuildFile; fileRef = 488F31C02817012500AE3AC8 /* CTNotificationViewController.m */; };
		488F31C32817E95D00AE3AC8 /* Test.swift in Sources */ = {isa = PBXBuildFile; fileRef = 488F31C22817E95D00AE3AC8 /* Test.swift */; };
		525715EE1E67B8C0000E455B /* CTNotificationContent.h in Headers */ = {isa = PBXBuildFile; fileRef = 525715EC1E67B8C0000E455B /* CTNotificationContent.h */; settings = {ATTRIBUTES = (Public, ); }; };
		525715F71E67B990000E455B /* UserNotifications.framework in Frameworks */ = {isa = PBXBuildFile; fileRef = 525715F51E67B990000E455B /* UserNotifications.framework */; };
		525715F81E67B990000E455B /* UserNotificationsUI.framework in Frameworks */ = {isa = PBXBuildFile; fileRef = 525715F61E67B990000E455B /* UserNotificationsUI.framework */; };
/* End PBXBuildFile section */

/* Begin PBXFileReference section */
		0B1898FD278D99B3000A0169 /* CTNotificationViewController.swift */ = {isa = PBXFileReference; fileEncoding = 4; lastKnownFileType = sourcecode.swift; path = CTNotificationViewController.swift; sourceTree = "<group>"; };
		0B189909278D9A14000A0169 /* Assets.xcassets */ = {isa = PBXFileReference; lastKnownFileType = folder.assetcatalog; path = Assets.xcassets; sourceTree = "<group>"; };
		488F319F2816FFE900AE3AC8 /* BaseCTNotificationContentViewController.swift */ = {isa = PBXFileReference; fileEncoding = 4; lastKnownFileType = sourcecode.swift; path = BaseCTNotificationContentViewController.swift; sourceTree = "<group>"; };
		488F31A22816FFF300AE3AC8 /* ct_next_button.png */ = {isa = PBXFileReference; lastKnownFileType = image.png; path = ct_next_button.png; sourceTree = "<group>"; };
		488F31A32816FFF300AE3AC8 /* ct_previous_button.png */ = {isa = PBXFileReference; lastKnownFileType = image.png; path = ct_previous_button.png; sourceTree = "<group>"; };
		488F31A42816FFF300AE3AC8 /* ct_no_image.png */ = {isa = PBXFileReference; lastKnownFileType = image.png; path = ct_no_image.png; sourceTree = "<group>"; };
		488F31A52816FFF300AE3AC8 /* ct_play_button.png */ = {isa = PBXFileReference; lastKnownFileType = image.png; path = ct_play_button.png; sourceTree = "<group>"; };
		488F31A62816FFF300AE3AC8 /* ct_pause_button.png */ = {isa = PBXFileReference; lastKnownFileType = image.png; path = ct_pause_button.png; sourceTree = "<group>"; };
		488F31AC2817000200AE3AC8 /* CTVideoPlayerView.swift */ = {isa = PBXFileReference; fileEncoding = 4; lastKnownFileType = sourcecode.swift; path = CTVideoPlayerView.swift; sourceTree = "<group>"; };
		488F31AD2817000200AE3AC8 /* CTCaptionedImageView.swift */ = {isa = PBXFileReference; fileEncoding = 4; lastKnownFileType = sourcecode.swift; path = CTCaptionedImageView.swift; sourceTree = "<group>"; };
		488F31B02817001E00AE3AC8 /* CTContentSliderController.swift */ = {isa = PBXFileReference; fileEncoding = 4; lastKnownFileType = sourcecode.swift; path = CTContentSliderController.swift; sourceTree = "<group>"; };
		488F31B12817001E00AE3AC8 /* CTSingleMediaController.swift */ = {isa = PBXFileReference; fileEncoding = 4; lastKnownFileType = sourcecode.swift; path = CTSingleMediaController.swift; sourceTree = "<group>"; };
		488F31B22817001E00AE3AC8 /* GlobalConstants.swift */ = {isa = PBXFileReference; fileEncoding = 4; lastKnownFileType = sourcecode.swift; path = GlobalConstants.swift; sourceTree = "<group>"; };
		488F31B32817001E00AE3AC8 /* CTCarouselController.swift */ = {isa = PBXFileReference; fileEncoding = 4; lastKnownFileType = sourcecode.swift; path = CTCarouselController.swift; sourceTree = "<group>"; };
		488F31B42817001E00AE3AC8 /* CTTimerTemplateController.swift */ = {isa = PBXFileReference; fileEncoding = 4; lastKnownFileType = sourcecode.swift; path = CTTimerTemplateController.swift; sourceTree = "<group>"; };
		488F31BA2817008300AE3AC8 /* BaseCTNotificationContentViewController.h */ = {isa = PBXFileReference; lastKnownFileType = sourcecode.c.h; path = BaseCTNotificationContentViewController.h; sourceTree = "<group>"; };
		488F31BC2817009900AE3AC8 /* BaseCTNotificationContentViewController.m */ = {isa = PBXFileReference; lastKnownFileType = sourcecode.c.objc; path = BaseCTNotificationContentViewController.m; sourceTree = "<group>"; };
		488F31BE2817011100AE3AC8 /* CTNotificationViewController.h */ = {isa = PBXFileReference; lastKnownFileType = sourcecode.c.h; path = CTNotificationViewController.h; sourceTree = "<group>"; };
		488F31C02817012500AE3AC8 /* CTNotificationViewController.m */ = {isa = PBXFileReference; lastKnownFileType = sourcecode.c.objc; path = CTNotificationViewController.m; sourceTree = "<group>"; };
		488F31C22817E95D00AE3AC8 /* Test.swift */ = {isa = PBXFileReference; lastKnownFileType = sourcecode.swift; name = Test.swift; path = ContentSlider/Test.swift; sourceTree = "<group>"; };
		525715E91E67B8C0000E455B /* CTNotificationContent.framework */ = {isa = PBXFileReference; explicitFileType = wrapper.framework; includeInIndex = 0; path = CTNotificationContent.framework; sourceTree = BUILT_PRODUCTS_DIR; };
		525715EC1E67B8C0000E455B /* CTNotificationContent.h */ = {isa = PBXFileReference; lastKnownFileType = sourcecode.c.h; path = CTNotificationContent.h; sourceTree = "<group>"; };
		525715F51E67B990000E455B /* UserNotifications.framework */ = {isa = PBXFileReference; lastKnownFileType = wrapper.framework; name = UserNotifications.framework; path = System/Library/Frameworks/UserNotifications.framework; sourceTree = SDKROOT; };
		525715F61E67B990000E455B /* UserNotificationsUI.framework */ = {isa = PBXFileReference; lastKnownFileType = wrapper.framework; name = UserNotificationsUI.framework; path = System/Library/Frameworks/UserNotificationsUI.framework; sourceTree = SDKROOT; };
/* End PBXFileReference section */

/* Begin PBXFrameworksBuildPhase section */
		525715E51E67B8C0000E455B /* Frameworks */ = {
			isa = PBXFrameworksBuildPhase;
			buildActionMask = 2147483647;
			files = (
				525715F71E67B990000E455B /* UserNotifications.framework in Frameworks */,
				525715F81E67B990000E455B /* UserNotificationsUI.framework in Frameworks */,
			);
			runOnlyForDeploymentPostprocessing = 0;
		};
/* End PBXFrameworksBuildPhase section */

/* Begin PBXGroup section */
		0B1898FF278D99EF000A0169 /* Views */ = {
			isa = PBXGroup;
			children = (
				488F31AD2817000200AE3AC8 /* CTCaptionedImageView.swift */,
				488F31AC2817000200AE3AC8 /* CTVideoPlayerView.swift */,
			);
			path = Views;
			sourceTree = "<group>";
		};
		0B189906278D9A14000A0169 /* ContentSlider */ = {
			isa = PBXGroup;
			children = (
				488F31B32817001E00AE3AC8 /* CTCarouselController.swift */,
				488F31B02817001E00AE3AC8 /* CTContentSliderController.swift */,
				488F31B12817001E00AE3AC8 /* CTSingleMediaController.swift */,
				488F31B42817001E00AE3AC8 /* CTTimerTemplateController.swift */,
				488F31B22817001E00AE3AC8 /* GlobalConstants.swift */,
				0B189909278D9A14000A0169 /* Assets.xcassets */,
			);
			path = ContentSlider;
			sourceTree = "<group>";
		};
		488F31A12816FFF300AE3AC8 /* Resources */ = {
			isa = PBXGroup;
			children = (
				488F31A22816FFF300AE3AC8 /* ct_next_button.png */,
				488F31A32816FFF300AE3AC8 /* ct_previous_button.png */,
				488F31A42816FFF300AE3AC8 /* ct_no_image.png */,
				488F31A52816FFF300AE3AC8 /* ct_play_button.png */,
				488F31A62816FFF300AE3AC8 /* ct_pause_button.png */,
			);
			path = Resources;
			sourceTree = "<group>";
		};
		525715DF1E67B8C0000E455B = {
			isa = PBXGroup;
			children = (
				525715EB1E67B8C0000E455B /* CTNotificationContent */,
				525715EA1E67B8C0000E455B /* Products */,
				525715F41E67B990000E455B /* Frameworks */,
			);
			sourceTree = "<group>";
		};
		525715EA1E67B8C0000E455B /* Products */ = {
			isa = PBXGroup;
			children = (
				525715E91E67B8C0000E455B /* CTNotificationContent.framework */,
			);
			name = Products;
			sourceTree = "<group>";
		};
		525715EB1E67B8C0000E455B /* CTNotificationContent */ = {
			isa = PBXGroup;
			children = (
				488F31A12816FFF300AE3AC8 /* Resources */,
				488F319F2816FFE900AE3AC8 /* BaseCTNotificationContentViewController.swift */,
				525715EC1E67B8C0000E455B /* CTNotificationContent.h */,
				0B1898FD278D99B3000A0169 /* CTNotificationViewController.swift */,
				0B189906278D9A14000A0169 /* ContentSlider */,
				0B1898FF278D99EF000A0169 /* Views */,
				488F31BA2817008300AE3AC8 /* BaseCTNotificationContentViewController.h */,
				488F31BC2817009900AE3AC8 /* BaseCTNotificationContentViewController.m */,
				488F31BE2817011100AE3AC8 /* CTNotificationViewController.h */,
				488F31C02817012500AE3AC8 /* CTNotificationViewController.m */,
				488F31C22817E95D00AE3AC8 /* Test.swift */,
			);
			path = CTNotificationContent;
			sourceTree = "<group>";
		};
		525715F41E67B990000E455B /* Frameworks */ = {
			isa = PBXGroup;
			children = (
				525715F51E67B990000E455B /* UserNotifications.framework */,
				525715F61E67B990000E455B /* UserNotificationsUI.framework */,
			);
			name = Frameworks;
			sourceTree = "<group>";
		};
/* End PBXGroup section */

/* Begin PBXHeadersBuildPhase section */
		525715E61E67B8C0000E455B /* Headers */ = {
			isa = PBXHeadersBuildPhase;
			buildActionMask = 2147483647;
			files = (
				488F31BF2817011100AE3AC8 /* CTNotificationViewController.h in Headers */,
				488F31BB2817008300AE3AC8 /* BaseCTNotificationContentViewController.h in Headers */,
				525715EE1E67B8C0000E455B /* CTNotificationContent.h in Headers */,
			);
			runOnlyForDeploymentPostprocessing = 0;
		};
/* End PBXHeadersBuildPhase section */

/* Begin PBXNativeTarget section */
		525715E81E67B8C0000E455B /* CTNotificationContent */ = {
			isa = PBXNativeTarget;
			buildConfigurationList = 525715F11E67B8C0000E455B /* Build configuration list for PBXNativeTarget "CTNotificationContent" */;
			buildPhases = (
				525715E41E67B8C0000E455B /* Sources */,
				525715E51E67B8C0000E455B /* Frameworks */,
				525715E61E67B8C0000E455B /* Headers */,
				525715E71E67B8C0000E455B /* Resources */,
			);
			buildRules = (
			);
			dependencies = (
			);
			name = CTNotificationContent;
			productName = CTNotificationContent;
			productReference = 525715E91E67B8C0000E455B /* CTNotificationContent.framework */;
			productType = "com.apple.product-type.framework";
		};
/* End PBXNativeTarget section */

/* Begin PBXProject section */
		525715E01E67B8C0000E455B /* Project object */ = {
			isa = PBXProject;
			attributes = {
				LastUpgradeCheck = 1130;
				ORGANIZATIONNAME = CleverTap;
				TargetAttributes = {
					525715E81E67B8C0000E455B = {
						CreatedOnToolsVersion = 8.2.1;
						DevelopmentTeam = A5J34NR598;
						LastSwiftMigration = 1320;
						ProvisioningStyle = Automatic;
					};
				};
			};
			buildConfigurationList = 525715E31E67B8C0000E455B /* Build configuration list for PBXProject "CTNotificationContent" */;
			compatibilityVersion = "Xcode 9.3";
			developmentRegion = en;
			hasScannedForEncodings = 0;
			knownRegions = (
				en,
				Base,
			);
			mainGroup = 525715DF1E67B8C0000E455B;
			productRefGroup = 525715EA1E67B8C0000E455B /* Products */;
			projectDirPath = "";
			projectRoot = "";
			targets = (
				525715E81E67B8C0000E455B /* CTNotificationContent */,
			);
		};
/* End PBXProject section */

/* Begin PBXResourcesBuildPhase section */
		525715E71E67B8C0000E455B /* Resources */ = {
			isa = PBXResourcesBuildPhase;
			buildActionMask = 2147483647;
			files = (
				488F31AA2816FFF300AE3AC8 /* ct_play_button.png in Resources */,
				488F31AB2816FFF300AE3AC8 /* ct_pause_button.png in Resources */,
				488F31A72816FFF300AE3AC8 /* ct_next_button.png in Resources */,
				488F31A92816FFF300AE3AC8 /* ct_no_image.png in Resources */,
				0B18990E278D9A14000A0169 /* Assets.xcassets in Resources */,
				488F31A82816FFF300AE3AC8 /* ct_previous_button.png in Resources */,
			);
			runOnlyForDeploymentPostprocessing = 0;
		};
/* End PBXResourcesBuildPhase section */

/* Begin PBXSourcesBuildPhase section */
		525715E41E67B8C0000E455B /* Sources */ = {
			isa = PBXSourcesBuildPhase;
			buildActionMask = 2147483647;
			files = (
				488F31AF2817000200AE3AC8 /* CTCaptionedImageView.swift in Sources */,
				488F31BD2817009900AE3AC8 /* BaseCTNotificationContentViewController.m in Sources */,
				488F31AE2817000200AE3AC8 /* CTVideoPlayerView.swift in Sources */,
				488F31B82817001E00AE3AC8 /* CTCarouselController.swift in Sources */,
				488F31B92817001E00AE3AC8 /* CTTimerTemplateController.swift in Sources */,
				488F31C32817E95D00AE3AC8 /* Test.swift in Sources */,
				488F31A02816FFE900AE3AC8 /* BaseCTNotificationContentViewController.swift in Sources */,
				488F31B72817001E00AE3AC8 /* GlobalConstants.swift in Sources */,
				488F31B62817001E00AE3AC8 /* CTSingleMediaController.swift in Sources */,
				488F31B52817001E00AE3AC8 /* CTContentSliderController.swift in Sources */,
				0B1898FE278D99B3000A0169 /* CTNotificationViewController.swift in Sources */,
				488F31C12817012500AE3AC8 /* CTNotificationViewController.m in Sources */,
			);
			runOnlyForDeploymentPostprocessing = 0;
		};
/* End PBXSourcesBuildPhase section */

/* Begin XCBuildConfiguration section */
		525715EF1E67B8C0000E455B /* Debug */ = {
			isa = XCBuildConfiguration;
			buildSettings = {
				ALWAYS_SEARCH_USER_PATHS = NO;
				CLANG_ANALYZER_LOCALIZABILITY_NONLOCALIZED = YES;
				CLANG_ANALYZER_NONNULL = YES;
				CLANG_CXX_LANGUAGE_STANDARD = "gnu++0x";
				CLANG_CXX_LIBRARY = "libc++";
				CLANG_ENABLE_MODULES = YES;
				CLANG_ENABLE_OBJC_ARC = YES;
				CLANG_WARN_BLOCK_CAPTURE_AUTORELEASING = YES;
				CLANG_WARN_BOOL_CONVERSION = YES;
				CLANG_WARN_COMMA = YES;
				CLANG_WARN_CONSTANT_CONVERSION = YES;
				CLANG_WARN_DEPRECATED_OBJC_IMPLEMENTATIONS = YES;
				CLANG_WARN_DIRECT_OBJC_ISA_USAGE = YES_ERROR;
				CLANG_WARN_DOCUMENTATION_COMMENTS = YES;
				CLANG_WARN_EMPTY_BODY = YES;
				CLANG_WARN_ENUM_CONVERSION = YES;
				CLANG_WARN_INFINITE_RECURSION = YES;
				CLANG_WARN_INT_CONVERSION = YES;
				CLANG_WARN_NON_LITERAL_NULL_CONVERSION = YES;
				CLANG_WARN_OBJC_IMPLICIT_RETAIN_SELF = YES;
				CLANG_WARN_OBJC_LITERAL_CONVERSION = YES;
				CLANG_WARN_OBJC_ROOT_CLASS = YES_ERROR;
				CLANG_WARN_RANGE_LOOP_ANALYSIS = YES;
				CLANG_WARN_STRICT_PROTOTYPES = YES;
				CLANG_WARN_SUSPICIOUS_MOVE = YES;
				CLANG_WARN_UNREACHABLE_CODE = YES;
				CLANG_WARN__DUPLICATE_METHOD_MATCH = YES;
				"CODE_SIGN_IDENTITY[sdk=iphoneos*]" = "iPhone Developer";
				COPY_PHASE_STRIP = NO;
				CURRENT_PROJECT_VERSION = 1;
				DEBUG_INFORMATION_FORMAT = dwarf;
				DEFINES_MODULE = NO;
				ENABLE_STRICT_OBJC_MSGSEND = YES;
				ENABLE_TESTABILITY = YES;
				GCC_C_LANGUAGE_STANDARD = gnu99;
				GCC_DYNAMIC_NO_PIC = NO;
				GCC_NO_COMMON_BLOCKS = YES;
				GCC_OPTIMIZATION_LEVEL = 0;
				GCC_PREPROCESSOR_DEFINITIONS = (
					"DEBUG=1",
					"$(inherited)",
				);
				GCC_WARN_64_TO_32_BIT_CONVERSION = YES;
				GCC_WARN_ABOUT_RETURN_TYPE = YES_ERROR;
				GCC_WARN_UNDECLARED_SELECTOR = YES;
				GCC_WARN_UNINITIALIZED_AUTOS = YES_AGGRESSIVE;
				GCC_WARN_UNUSED_FUNCTION = YES;
				GCC_WARN_UNUSED_VARIABLE = YES;
				IPHONEOS_DEPLOYMENT_TARGET = 10.0;
				MTL_ENABLE_DEBUG_INFO = YES;
				ONLY_ACTIVE_ARCH = YES;
				SDKROOT = iphoneos;
				TARGETED_DEVICE_FAMILY = "1,2";
				VERSIONING_SYSTEM = "apple-generic";
				VERSION_INFO_PREFIX = "";
			};
			name = Debug;
		};
		525715F01E67B8C0000E455B /* Release */ = {
			isa = XCBuildConfiguration;
			buildSettings = {
				ALWAYS_SEARCH_USER_PATHS = NO;
				CLANG_ANALYZER_LOCALIZABILITY_NONLOCALIZED = YES;
				CLANG_ANALYZER_NONNULL = YES;
				CLANG_CXX_LANGUAGE_STANDARD = "gnu++0x";
				CLANG_CXX_LIBRARY = "libc++";
				CLANG_ENABLE_MODULES = YES;
				CLANG_ENABLE_OBJC_ARC = YES;
				CLANG_WARN_BLOCK_CAPTURE_AUTORELEASING = YES;
				CLANG_WARN_BOOL_CONVERSION = YES;
				CLANG_WARN_COMMA = YES;
				CLANG_WARN_CONSTANT_CONVERSION = YES;
				CLANG_WARN_DEPRECATED_OBJC_IMPLEMENTATIONS = YES;
				CLANG_WARN_DIRECT_OBJC_ISA_USAGE = YES_ERROR;
				CLANG_WARN_DOCUMENTATION_COMMENTS = YES;
				CLANG_WARN_EMPTY_BODY = YES;
				CLANG_WARN_ENUM_CONVERSION = YES;
				CLANG_WARN_INFINITE_RECURSION = YES;
				CLANG_WARN_INT_CONVERSION = YES;
				CLANG_WARN_NON_LITERAL_NULL_CONVERSION = YES;
				CLANG_WARN_OBJC_IMPLICIT_RETAIN_SELF = YES;
				CLANG_WARN_OBJC_LITERAL_CONVERSION = YES;
				CLANG_WARN_OBJC_ROOT_CLASS = YES_ERROR;
				CLANG_WARN_RANGE_LOOP_ANALYSIS = YES;
				CLANG_WARN_STRICT_PROTOTYPES = YES;
				CLANG_WARN_SUSPICIOUS_MOVE = YES;
				CLANG_WARN_UNREACHABLE_CODE = YES;
				CLANG_WARN__DUPLICATE_METHOD_MATCH = YES;
				"CODE_SIGN_IDENTITY[sdk=iphoneos*]" = "iPhone Developer";
				COPY_PHASE_STRIP = NO;
				CURRENT_PROJECT_VERSION = 1;
				DEBUG_INFORMATION_FORMAT = "dwarf-with-dsym";
				DEFINES_MODULE = NO;
				ENABLE_NS_ASSERTIONS = NO;
				ENABLE_STRICT_OBJC_MSGSEND = YES;
				GCC_C_LANGUAGE_STANDARD = gnu99;
				GCC_NO_COMMON_BLOCKS = YES;
				GCC_WARN_64_TO_32_BIT_CONVERSION = YES;
				GCC_WARN_ABOUT_RETURN_TYPE = YES_ERROR;
				GCC_WARN_UNDECLARED_SELECTOR = YES;
				GCC_WARN_UNINITIALIZED_AUTOS = YES_AGGRESSIVE;
				GCC_WARN_UNUSED_FUNCTION = YES;
				GCC_WARN_UNUSED_VARIABLE = YES;
				IPHONEOS_DEPLOYMENT_TARGET = 10.0;
				MTL_ENABLE_DEBUG_INFO = NO;
				SDKROOT = iphoneos;
				TARGETED_DEVICE_FAMILY = "1,2";
				VALIDATE_PRODUCT = YES;
				VERSIONING_SYSTEM = "apple-generic";
				VERSION_INFO_PREFIX = "";
			};
			name = Release;
		};
		525715F21E67B8C0000E455B /* Debug */ = {
			isa = XCBuildConfiguration;
			buildSettings = {
				APPLICATION_EXTENSION_API_ONLY = YES;
				CLANG_ENABLE_MODULES = YES;
				CODE_SIGN_IDENTITY = "";
				DEFINES_MODULE = YES;
				DEVELOPMENT_TEAM = A5J34NR598;
				DYLIB_COMPATIBILITY_VERSION = 1;
				DYLIB_CURRENT_VERSION = 1;
				DYLIB_INSTALL_NAME_BASE = "@rpath";
				INFOPLIST_FILE = CTNotificationContent/Info.plist;
				INSTALL_PATH = "$(LOCAL_LIBRARY_DIR)/Frameworks";
				IPHONEOS_DEPLOYMENT_TARGET = 10.0;
				LD_RUNPATH_SEARCH_PATHS = (
					"$(inherited)",
					"@executable_path/Frameworks",
					"@loader_path/Frameworks",
				);
				PRODUCT_BUNDLE_IDENTIFIER = com.clevertap.CTNotificationContent;
				PRODUCT_NAME = "$(TARGET_NAME)";
				SKIP_INSTALL = YES;
				SWIFT_OPTIMIZATION_LEVEL = "-Onone";
				SWIFT_VERSION = 5.0;
			};
			name = Debug;
		};
		525715F31E67B8C0000E455B /* Release */ = {
			isa = XCBuildConfiguration;
			buildSettings = {
				APPLICATION_EXTENSION_API_ONLY = YES;
				CLANG_ENABLE_MODULES = YES;
				CODE_SIGN_IDENTITY = "";
				DEFINES_MODULE = YES;
				DEVELOPMENT_TEAM = A5J34NR598;
				DYLIB_COMPATIBILITY_VERSION = 1;
				DYLIB_CURRENT_VERSION = 1;
				DYLIB_INSTALL_NAME_BASE = "@rpath";
				INFOPLIST_FILE = CTNotificationContent/Info.plist;
				INSTALL_PATH = "$(LOCAL_LIBRARY_DIR)/Frameworks";
				IPHONEOS_DEPLOYMENT_TARGET = 10.0;
				LD_RUNPATH_SEARCH_PATHS = (
					"$(inherited)",
					"@executable_path/Frameworks",
					"@loader_path/Frameworks",
				);
				PRODUCT_BUNDLE_IDENTIFIER = com.clevertap.CTNotificationContent;
				PRODUCT_NAME = "$(TARGET_NAME)";
				SKIP_INSTALL = YES;
				SWIFT_VERSION = 5.0;
			};
			name = Release;
		};
/* End XCBuildConfiguration section */

/* Begin XCConfigurationList section */
		525715E31E67B8C0000E455B /* Build configuration list for PBXProject "CTNotificationContent" */ = {
			isa = XCConfigurationList;
			buildConfigurations = (
				525715EF1E67B8C0000E455B /* Debug */,
				525715F01E67B8C0000E455B /* Release */,
			);
			defaultConfigurationIsVisible = 0;
			defaultConfigurationName = Release;
		};
		525715F11E67B8C0000E455B /* Build configuration list for PBXNativeTarget "CTNotificationContent" */ = {
			isa = XCConfigurationList;
			buildConfigurations = (
				525715F21E67B8C0000E455B /* Debug */,
				525715F31E67B8C0000E455B /* Release */,
			);
			defaultConfigurationIsVisible = 0;
			defaultConfigurationName = Release;
		};
/* End XCConfigurationList section */
	};
	rootObject = 525715E01E67B8C0000E455B /* Project object */;
}
