// !$*UTF8*$!
{
	archiveVersion = 1;
	classes = {
	};
	objectVersion = 50;
	objects = {

/* Begin PBXBuildFile section */
		30E7B181CDF5AFCF86FC531D /* Pods_NotificationService.framework in Frameworks */ = {isa = PBXBuildFile; fileRef = 076D5407652558BD955E0AF2 /* Pods_NotificationService.framework */; };
		52F4CBA31E67695700CCC4A2 /* AppDelegate.swift in Sources */ = {isa = PBXBuildFile; fileRef = 52F4CBA21E67695700CCC4A2 /* AppDelegate.swift */; };
		52F4CBA51E67695700CCC4A2 /* ViewController.swift in Sources */ = {isa = PBXBuildFile; fileRef = 52F4CBA41E67695700CCC4A2 /* ViewController.swift */; };
		52F4CBA81E67695700CCC4A2 /* Main.storyboard in Resources */ = {isa = PBXBuildFile; fileRef = 52F4CBA61E67695700CCC4A2 /* Main.storyboard */; };
		52F4CBAA1E67695700CCC4A2 /* Assets.xcassets in Resources */ = {isa = PBXBuildFile; fileRef = 52F4CBA91E67695700CCC4A2 /* Assets.xcassets */; };
		52F4CBAD1E67695700CCC4A2 /* LaunchScreen.storyboard in Resources */ = {isa = PBXBuildFile; fileRef = 52F4CBAB1E67695700CCC4A2 /* LaunchScreen.storyboard */; };
		52F4CBB61E6769F500CCC4A2 /* logo.png in Resources */ = {isa = PBXBuildFile; fileRef = 52F4CBB51E6769F500CCC4A2 /* logo.png */; };
		52F4CBC01E676C8300CCC4A2 /* UserNotifications.framework in Frameworks */ = {isa = PBXBuildFile; fileRef = 52F4CBBF1E676C8300CCC4A2 /* UserNotifications.framework */; };
		52F4CBC21E676C8300CCC4A2 /* UserNotificationsUI.framework in Frameworks */ = {isa = PBXBuildFile; fileRef = 52F4CBC11E676C8300CCC4A2 /* UserNotificationsUI.framework */; };
		52F4CBC51E676C8300CCC4A2 /* NotificationViewController.swift in Sources */ = {isa = PBXBuildFile; fileRef = 52F4CBC41E676C8300CCC4A2 /* NotificationViewController.swift */; };
		52F4CBC81E676C8300CCC4A2 /* MainInterface.storyboard in Resources */ = {isa = PBXBuildFile; fileRef = 52F4CBC61E676C8300CCC4A2 /* MainInterface.storyboard */; };
		52F4CBCC1E676C8300CCC4A2 /* NotificationContent.appex in Embed App Extensions */ = {isa = PBXBuildFile; fileRef = 52F4CBBE1E676C8300CCC4A2 /* NotificationContent.appex */; settings = {ATTRIBUTES = (RemoveHeadersOnCopy, ); }; };
		682C5E35FDE5FE99B3499BB9 /* Pods_NotificationContent.framework in Frameworks */ = {isa = PBXBuildFile; fileRef = A9DDDC5938F9C9466A4C422B /* Pods_NotificationContent.framework */; };
		7543A569FE7F4BD87388125D /* Pods_CTNotificationContentExampleSwift.framework in Frameworks */ = {isa = PBXBuildFile; fileRef = F312F95A7C0703D41489A5BE /* Pods_CTNotificationContentExampleSwift.framework */; };
		D0EBB3D11F22D54B00F3FFF4 /* NotificationService.swift in Sources */ = {isa = PBXBuildFile; fileRef = D0EBB3D01F22D54B00F3FFF4 /* NotificationService.swift */; };
		D0EBB3D51F22D54B00F3FFF4 /* NotificationService.appex in Embed App Extensions */ = {isa = PBXBuildFile; fileRef = D0EBB3CE1F22D54B00F3FFF4 /* NotificationService.appex */; settings = {ATTRIBUTES = (RemoveHeadersOnCopy, ); }; };
/* End PBXBuildFile section */

/* Begin PBXContainerItemProxy section */
		52F4CBCA1E676C8300CCC4A2 /* PBXContainerItemProxy */ = {
			isa = PBXContainerItemProxy;
			containerPortal = 52F4CB971E67695700CCC4A2 /* Project object */;
			proxyType = 1;
			remoteGlobalIDString = 52F4CBBD1E676C8300CCC4A2;
			remoteInfo = NotificationContent;
		};
		D0EBB3D31F22D54B00F3FFF4 /* PBXContainerItemProxy */ = {
			isa = PBXContainerItemProxy;
			containerPortal = 52F4CB971E67695700CCC4A2 /* Project object */;
			proxyType = 1;
			remoteGlobalIDString = D0EBB3CD1F22D54B00F3FFF4;
			remoteInfo = NotificationService;
		};
/* End PBXContainerItemProxy section */

/* Begin PBXCopyFilesBuildPhase section */
		52F4CBD01E676C8300CCC4A2 /* Embed App Extensions */ = {
			isa = PBXCopyFilesBuildPhase;
			buildActionMask = 2147483647;
			dstPath = "";
			dstSubfolderSpec = 13;
			files = (
				52F4CBCC1E676C8300CCC4A2 /* NotificationContent.appex in Embed App Extensions */,
				D0EBB3D51F22D54B00F3FFF4 /* NotificationService.appex in Embed App Extensions */,
			);
			name = "Embed App Extensions";
			runOnlyForDeploymentPostprocessing = 0;
		};
/* End PBXCopyFilesBuildPhase section */

/* Begin PBXFileReference section */
		05784BC3E919005238615532 /* Pods-CTNotificationContentExampleSwift.release.xcconfig */ = {isa = PBXFileReference; includeInIndex = 1; lastKnownFileType = text.xcconfig; name = "Pods-CTNotificationContentExampleSwift.release.xcconfig"; path = "Pods/Target Support Files/Pods-CTNotificationContentExampleSwift/Pods-CTNotificationContentExampleSwift.release.xcconfig"; sourceTree = "<group>"; };
		076D5407652558BD955E0AF2 /* Pods_NotificationService.framework */ = {isa = PBXFileReference; explicitFileType = wrapper.framework; includeInIndex = 0; path = Pods_NotificationService.framework; sourceTree = BUILT_PRODUCTS_DIR; };
		0AC42929B3578CB8F123C143 /* Pods-NotificationService.debug.xcconfig */ = {isa = PBXFileReference; includeInIndex = 1; lastKnownFileType = text.xcconfig; name = "Pods-NotificationService.debug.xcconfig"; path = "Pods/Target Support Files/Pods-NotificationService/Pods-NotificationService.debug.xcconfig"; sourceTree = "<group>"; };
		52F4CB9F1E67695700CCC4A2 /* CTNotificationContentExampleSwift.app */ = {isa = PBXFileReference; explicitFileType = wrapper.application; includeInIndex = 0; path = CTNotificationContentExampleSwift.app; sourceTree = BUILT_PRODUCTS_DIR; };
		52F4CBA21E67695700CCC4A2 /* AppDelegate.swift */ = {isa = PBXFileReference; lastKnownFileType = sourcecode.swift; path = AppDelegate.swift; sourceTree = "<group>"; };
		52F4CBA41E67695700CCC4A2 /* ViewController.swift */ = {isa = PBXFileReference; lastKnownFileType = sourcecode.swift; path = ViewController.swift; sourceTree = "<group>"; };
		52F4CBA71E67695700CCC4A2 /* Base */ = {isa = PBXFileReference; lastKnownFileType = file.storyboard; name = Base; path = Base.lproj/Main.storyboard; sourceTree = "<group>"; };
		52F4CBA91E67695700CCC4A2 /* Assets.xcassets */ = {isa = PBXFileReference; lastKnownFileType = folder.assetcatalog; path = Assets.xcassets; sourceTree = "<group>"; };
		52F4CBAC1E67695700CCC4A2 /* Base */ = {isa = PBXFileReference; lastKnownFileType = file.storyboard; name = Base; path = Base.lproj/LaunchScreen.storyboard; sourceTree = "<group>"; };
		52F4CBAE1E67695700CCC4A2 /* Info.plist */ = {isa = PBXFileReference; lastKnownFileType = text.plist.xml; path = Info.plist; sourceTree = "<group>"; };
		52F4CBB51E6769F500CCC4A2 /* logo.png */ = {isa = PBXFileReference; lastKnownFileType = image.png; path = logo.png; sourceTree = "<group>"; };
		52F4CBB91E676C0200CCC4A2 /* CTNotificationContentExampleSwift.entitlements */ = {isa = PBXFileReference; lastKnownFileType = text.plist.entitlements; path = CTNotificationContentExampleSwift.entitlements; sourceTree = "<group>"; };
		52F4CBBE1E676C8300CCC4A2 /* NotificationContent.appex */ = {isa = PBXFileReference; explicitFileType = "wrapper.app-extension"; includeInIndex = 0; path = NotificationContent.appex; sourceTree = BUILT_PRODUCTS_DIR; };
		52F4CBBF1E676C8300CCC4A2 /* UserNotifications.framework */ = {isa = PBXFileReference; lastKnownFileType = wrapper.framework; name = UserNotifications.framework; path = System/Library/Frameworks/UserNotifications.framework; sourceTree = SDKROOT; };
		52F4CBC11E676C8300CCC4A2 /* UserNotificationsUI.framework */ = {isa = PBXFileReference; lastKnownFileType = wrapper.framework; name = UserNotificationsUI.framework; path = System/Library/Frameworks/UserNotificationsUI.framework; sourceTree = SDKROOT; };
		52F4CBC41E676C8300CCC4A2 /* NotificationViewController.swift */ = {isa = PBXFileReference; lastKnownFileType = sourcecode.swift; path = NotificationViewController.swift; sourceTree = "<group>"; };
		52F4CBC71E676C8300CCC4A2 /* Base */ = {isa = PBXFileReference; lastKnownFileType = file.storyboard; name = Base; path = Base.lproj/MainInterface.storyboard; sourceTree = "<group>"; };
		52F4CBC91E676C8300CCC4A2 /* Info.plist */ = {isa = PBXFileReference; lastKnownFileType = text.plist.xml; path = Info.plist; sourceTree = "<group>"; };
		7819051DB57DE431BB287A15 /* Pods-NotificationContent.release.xcconfig */ = {isa = PBXFileReference; includeInIndex = 1; lastKnownFileType = text.xcconfig; name = "Pods-NotificationContent.release.xcconfig"; path = "Pods/Target Support Files/Pods-NotificationContent/Pods-NotificationContent.release.xcconfig"; sourceTree = "<group>"; };
		88C6AF1DDE9CD43FED473B56 /* Pods-NotificationContent.debug.xcconfig */ = {isa = PBXFileReference; includeInIndex = 1; lastKnownFileType = text.xcconfig; name = "Pods-NotificationContent.debug.xcconfig"; path = "Pods/Target Support Files/Pods-NotificationContent/Pods-NotificationContent.debug.xcconfig"; sourceTree = "<group>"; };
		918FF44331C90765212B0A48 /* Pods-NotificationService.release.xcconfig */ = {isa = PBXFileReference; includeInIndex = 1; lastKnownFileType = text.xcconfig; name = "Pods-NotificationService.release.xcconfig"; path = "Pods/Target Support Files/Pods-NotificationService/Pods-NotificationService.release.xcconfig"; sourceTree = "<group>"; };
		9D9A8E63E765E353D3D3907F /* Pods-CTNotificationContentExampleSwift.debug.xcconfig */ = {isa = PBXFileReference; includeInIndex = 1; lastKnownFileType = text.xcconfig; name = "Pods-CTNotificationContentExampleSwift.debug.xcconfig"; path = "Pods/Target Support Files/Pods-CTNotificationContentExampleSwift/Pods-CTNotificationContentExampleSwift.debug.xcconfig"; sourceTree = "<group>"; };
		A9DDDC5938F9C9466A4C422B /* Pods_NotificationContent.framework */ = {isa = PBXFileReference; explicitFileType = wrapper.framework; includeInIndex = 0; path = Pods_NotificationContent.framework; sourceTree = BUILT_PRODUCTS_DIR; };
		D0EBB3CE1F22D54B00F3FFF4 /* NotificationService.appex */ = {isa = PBXFileReference; explicitFileType = "wrapper.app-extension"; includeInIndex = 0; path = NotificationService.appex; sourceTree = BUILT_PRODUCTS_DIR; };
		D0EBB3D01F22D54B00F3FFF4 /* NotificationService.swift */ = {isa = PBXFileReference; lastKnownFileType = sourcecode.swift; path = NotificationService.swift; sourceTree = "<group>"; };
		D0EBB3D21F22D54B00F3FFF4 /* Info.plist */ = {isa = PBXFileReference; lastKnownFileType = text.plist.xml; path = Info.plist; sourceTree = "<group>"; };
		F312F95A7C0703D41489A5BE /* Pods_CTNotificationContentExampleSwift.framework */ = {isa = PBXFileReference; explicitFileType = wrapper.framework; includeInIndex = 0; path = Pods_CTNotificationContentExampleSwift.framework; sourceTree = BUILT_PRODUCTS_DIR; };
/* End PBXFileReference section */

/* Begin PBXFrameworksBuildPhase section */
		52F4CB9C1E67695700CCC4A2 /* Frameworks */ = {
			isa = PBXFrameworksBuildPhase;
			buildActionMask = 2147483647;
			files = (
				7543A569FE7F4BD87388125D /* Pods_CTNotificationContentExampleSwift.framework in Frameworks */,
			);
			runOnlyForDeploymentPostprocessing = 0;
		};
		52F4CBBB1E676C8300CCC4A2 /* Frameworks */ = {
			isa = PBXFrameworksBuildPhase;
			buildActionMask = 2147483647;
			files = (
				52F4CBC21E676C8300CCC4A2 /* UserNotificationsUI.framework in Frameworks */,
				52F4CBC01E676C8300CCC4A2 /* UserNotifications.framework in Frameworks */,
				682C5E35FDE5FE99B3499BB9 /* Pods_NotificationContent.framework in Frameworks */,
			);
			runOnlyForDeploymentPostprocessing = 0;
		};
		D0EBB3CB1F22D54B00F3FFF4 /* Frameworks */ = {
			isa = PBXFrameworksBuildPhase;
			buildActionMask = 2147483647;
			files = (
				30E7B181CDF5AFCF86FC531D /* Pods_NotificationService.framework in Frameworks */,
			);
			runOnlyForDeploymentPostprocessing = 0;
		};
/* End PBXFrameworksBuildPhase section */

/* Begin PBXGroup section */
		52F4CB961E67695700CCC4A2 = {
			isa = PBXGroup;
			children = (
				52F4CBA11E67695700CCC4A2 /* CTNotificationContentExampleSwift */,
				52F4CBC31E676C8300CCC4A2 /* NotificationContent */,
				D0EBB3CF1F22D54B00F3FFF4 /* NotificationService */,
				52F4CBA01E67695700CCC4A2 /* Products */,
				62B582C80C37B586253F9202 /* Pods */,
				C6F7A0BA40B4693ECC6A9219 /* Frameworks */,
			);
			sourceTree = "<group>";
		};
		52F4CBA01E67695700CCC4A2 /* Products */ = {
			isa = PBXGroup;
			children = (
				52F4CB9F1E67695700CCC4A2 /* CTNotificationContentExampleSwift.app */,
				52F4CBBE1E676C8300CCC4A2 /* NotificationContent.appex */,
				D0EBB3CE1F22D54B00F3FFF4 /* NotificationService.appex */,
			);
			name = Products;
			sourceTree = "<group>";
		};
		52F4CBA11E67695700CCC4A2 /* CTNotificationContentExampleSwift */ = {
			isa = PBXGroup;
			children = (
				52F4CBB91E676C0200CCC4A2 /* CTNotificationContentExampleSwift.entitlements */,
				52F4CBB41E6769F500CCC4A2 /* images */,
				52F4CBA21E67695700CCC4A2 /* AppDelegate.swift */,
				52F4CBA41E67695700CCC4A2 /* ViewController.swift */,
				52F4CBA61E67695700CCC4A2 /* Main.storyboard */,
				52F4CBA91E67695700CCC4A2 /* Assets.xcassets */,
				52F4CBAB1E67695700CCC4A2 /* LaunchScreen.storyboard */,
				52F4CBAE1E67695700CCC4A2 /* Info.plist */,
			);
			path = CTNotificationContentExampleSwift;
			sourceTree = "<group>";
		};
		52F4CBB41E6769F500CCC4A2 /* images */ = {
			isa = PBXGroup;
			children = (
				52F4CBB51E6769F500CCC4A2 /* logo.png */,
			);
			path = images;
			sourceTree = "<group>";
		};
		52F4CBC31E676C8300CCC4A2 /* NotificationContent */ = {
			isa = PBXGroup;
			children = (
				52F4CBC41E676C8300CCC4A2 /* NotificationViewController.swift */,
				52F4CBC61E676C8300CCC4A2 /* MainInterface.storyboard */,
				52F4CBC91E676C8300CCC4A2 /* Info.plist */,
			);
			path = NotificationContent;
			sourceTree = "<group>";
		};
		62B582C80C37B586253F9202 /* Pods */ = {
			isa = PBXGroup;
			children = (
				9D9A8E63E765E353D3D3907F /* Pods-CTNotificationContentExampleSwift.debug.xcconfig */,
				05784BC3E919005238615532 /* Pods-CTNotificationContentExampleSwift.release.xcconfig */,
				88C6AF1DDE9CD43FED473B56 /* Pods-NotificationContent.debug.xcconfig */,
				7819051DB57DE431BB287A15 /* Pods-NotificationContent.release.xcconfig */,
				0AC42929B3578CB8F123C143 /* Pods-NotificationService.debug.xcconfig */,
				918FF44331C90765212B0A48 /* Pods-NotificationService.release.xcconfig */,
			);
			name = Pods;
			sourceTree = "<group>";
		};
		C6F7A0BA40B4693ECC6A9219 /* Frameworks */ = {
			isa = PBXGroup;
			children = (
				F312F95A7C0703D41489A5BE /* Pods_CTNotificationContentExampleSwift.framework */,
				52F4CBBF1E676C8300CCC4A2 /* UserNotifications.framework */,
				52F4CBC11E676C8300CCC4A2 /* UserNotificationsUI.framework */,
				A9DDDC5938F9C9466A4C422B /* Pods_NotificationContent.framework */,
				076D5407652558BD955E0AF2 /* Pods_NotificationService.framework */,
			);
			name = Frameworks;
			sourceTree = "<group>";
		};
		D0EBB3CF1F22D54B00F3FFF4 /* NotificationService */ = {
			isa = PBXGroup;
			children = (
				D0EBB3D01F22D54B00F3FFF4 /* NotificationService.swift */,
				D0EBB3D21F22D54B00F3FFF4 /* Info.plist */,
			);
			path = NotificationService;
			sourceTree = "<group>";
		};
/* End PBXGroup section */

/* Begin PBXNativeTarget section */
		52F4CB9E1E67695700CCC4A2 /* CTNotificationContentExampleSwift */ = {
			isa = PBXNativeTarget;
			buildConfigurationList = 52F4CBB11E67695700CCC4A2 /* Build configuration list for PBXNativeTarget "CTNotificationContentExampleSwift" */;
			buildPhases = (
				16593BB446BD1B1B12C1D2F1 /* [CP] Check Pods Manifest.lock */,
				52F4CB9B1E67695700CCC4A2 /* Sources */,
				52F4CB9C1E67695700CCC4A2 /* Frameworks */,
				52F4CB9D1E67695700CCC4A2 /* Resources */,
				3B38DFE8D42670D74B6AB5CA /* [CP] Embed Pods Frameworks */,
				52F4CBD01E676C8300CCC4A2 /* Embed App Extensions */,
			);
			buildRules = (
			);
			dependencies = (
				52F4CBCB1E676C8300CCC4A2 /* PBXTargetDependency */,
				D0EBB3D41F22D54B00F3FFF4 /* PBXTargetDependency */,
			);
			name = CTNotificationContentExampleSwift;
			productName = CTNotificationContentExampleSwift;
			productReference = 52F4CB9F1E67695700CCC4A2 /* CTNotificationContentExampleSwift.app */;
			productType = "com.apple.product-type.application";
		};
		52F4CBBD1E676C8300CCC4A2 /* NotificationContent */ = {
			isa = PBXNativeTarget;
			buildConfigurationList = 52F4CBCD1E676C8300CCC4A2 /* Build configuration list for PBXNativeTarget "NotificationContent" */;
			buildPhases = (
				2389C041329020D2C7BDD5BB /* [CP] Check Pods Manifest.lock */,
				52F4CBBA1E676C8300CCC4A2 /* Sources */,
				52F4CBBB1E676C8300CCC4A2 /* Frameworks */,
				52F4CBBC1E676C8300CCC4A2 /* Resources */,
			);
			buildRules = (
			);
			dependencies = (
			);
			name = NotificationContent;
			productName = NotificationContent;
			productReference = 52F4CBBE1E676C8300CCC4A2 /* NotificationContent.appex */;
			productType = "com.apple.product-type.app-extension";
		};
		D0EBB3CD1F22D54B00F3FFF4 /* NotificationService */ = {
			isa = PBXNativeTarget;
			buildConfigurationList = D0EBB3D81F22D54B00F3FFF4 /* Build configuration list for PBXNativeTarget "NotificationService" */;
			buildPhases = (
				BC143BEBE8783794F43F6C2F /* [CP] Check Pods Manifest.lock */,
				D0EBB3CA1F22D54B00F3FFF4 /* Sources */,
				D0EBB3CB1F22D54B00F3FFF4 /* Frameworks */,
				D0EBB3CC1F22D54B00F3FFF4 /* Resources */,
			);
			buildRules = (
			);
			dependencies = (
			);
			name = NotificationService;
			productName = NotificationService;
			productReference = D0EBB3CE1F22D54B00F3FFF4 /* NotificationService.appex */;
			productType = "com.apple.product-type.app-extension";
		};
/* End PBXNativeTarget section */

/* Begin PBXProject section */
		52F4CB971E67695700CCC4A2 /* Project object */ = {
			isa = PBXProject;
			attributes = {
				LastSwiftUpdateCheck = 0830;
				LastUpgradeCheck = 1120;
				ORGANIZATIONNAME = CleverTap;
				TargetAttributes = {
					52F4CB9E1E67695700CCC4A2 = {
						CreatedOnToolsVersion = 8.2.1;
						DevelopmentTeam = A5J34NR598;
						ProvisioningStyle = Automatic;
						SystemCapabilities = {
							com.apple.Push = {
								enabled = 1;
							};
						};
					};
					52F4CBBD1E676C8300CCC4A2 = {
						CreatedOnToolsVersion = 8.2.1;
						DevelopmentTeam = A5J34NR598;
						ProvisioningStyle = Automatic;
					};
					D0EBB3CD1F22D54B00F3FFF4 = {
						CreatedOnToolsVersion = 8.3.3;
						DevelopmentTeam = A5J34NR598;
						ProvisioningStyle = Automatic;
					};
				};
			};
			buildConfigurationList = 52F4CB9A1E67695700CCC4A2 /* Build configuration list for PBXProject "CTNotificationContentExampleSwift" */;
			compatibilityVersion = "Xcode 9.3";
			developmentRegion = en;
			hasScannedForEncodings = 0;
			knownRegions = (
				en,
				Base,
			);
			mainGroup = 52F4CB961E67695700CCC4A2;
			productRefGroup = 52F4CBA01E67695700CCC4A2 /* Products */;
			projectDirPath = "";
			projectRoot = "";
			targets = (
				52F4CB9E1E67695700CCC4A2 /* CTNotificationContentExampleSwift */,
				52F4CBBD1E676C8300CCC4A2 /* NotificationContent */,
				D0EBB3CD1F22D54B00F3FFF4 /* NotificationService */,
			);
		};
/* End PBXProject section */

/* Begin PBXResourcesBuildPhase section */
		52F4CB9D1E67695700CCC4A2 /* Resources */ = {
			isa = PBXResourcesBuildPhase;
			buildActionMask = 2147483647;
			files = (
				52F4CBB61E6769F500CCC4A2 /* logo.png in Resources */,
				52F4CBAD1E67695700CCC4A2 /* LaunchScreen.storyboard in Resources */,
				52F4CBAA1E67695700CCC4A2 /* Assets.xcassets in Resources */,
				52F4CBA81E67695700CCC4A2 /* Main.storyboard in Resources */,
			);
			runOnlyForDeploymentPostprocessing = 0;
		};
		52F4CBBC1E676C8300CCC4A2 /* Resources */ = {
			isa = PBXResourcesBuildPhase;
			buildActionMask = 2147483647;
			files = (
				52F4CBC81E676C8300CCC4A2 /* MainInterface.storyboard in Resources */,
			);
			runOnlyForDeploymentPostprocessing = 0;
		};
		D0EBB3CC1F22D54B00F3FFF4 /* Resources */ = {
			isa = PBXResourcesBuildPhase;
			buildActionMask = 2147483647;
			files = (
			);
			runOnlyForDeploymentPostprocessing = 0;
		};
/* End PBXResourcesBuildPhase section */

/* Begin PBXShellScriptBuildPhase section */
		16593BB446BD1B1B12C1D2F1 /* [CP] Check Pods Manifest.lock */ = {
			isa = PBXShellScriptBuildPhase;
			buildActionMask = 2147483647;
			files = (
			);
			inputPaths = (
				"${PODS_PODFILE_DIR_PATH}/Podfile.lock",
				"${PODS_ROOT}/Manifest.lock",
			);
			name = "[CP] Check Pods Manifest.lock";
			outputPaths = (
				"$(DERIVED_FILE_DIR)/Pods-CTNotificationContentExampleSwift-checkManifestLockResult.txt",
			);
			runOnlyForDeploymentPostprocessing = 0;
			shellPath = /bin/sh;
			shellScript = "diff \"${PODS_PODFILE_DIR_PATH}/Podfile.lock\" \"${PODS_ROOT}/Manifest.lock\" > /dev/null\nif [ $? != 0 ] ; then\n    # print error to STDERR\n    echo \"error: The sandbox is not in sync with the Podfile.lock. Run 'pod install' or update your CocoaPods installation.\" >&2\n    exit 1\nfi\n# This output is used by Xcode 'outputs' to avoid re-running this script phase.\necho \"SUCCESS\" > \"${SCRIPT_OUTPUT_FILE_0}\"\n";
			showEnvVarsInLog = 0;
		};
		2389C041329020D2C7BDD5BB /* [CP] Check Pods Manifest.lock */ = {
			isa = PBXShellScriptBuildPhase;
			buildActionMask = 2147483647;
			files = (
			);
			inputPaths = (
				"${PODS_PODFILE_DIR_PATH}/Podfile.lock",
				"${PODS_ROOT}/Manifest.lock",
			);
			name = "[CP] Check Pods Manifest.lock";
			outputPaths = (
				"$(DERIVED_FILE_DIR)/Pods-NotificationContent-checkManifestLockResult.txt",
			);
			runOnlyForDeploymentPostprocessing = 0;
			shellPath = /bin/sh;
			shellScript = "diff \"${PODS_PODFILE_DIR_PATH}/Podfile.lock\" \"${PODS_ROOT}/Manifest.lock\" > /dev/null\nif [ $? != 0 ] ; then\n    # print error to STDERR\n    echo \"error: The sandbox is not in sync with the Podfile.lock. Run 'pod install' or update your CocoaPods installation.\" >&2\n    exit 1\nfi\n# This output is used by Xcode 'outputs' to avoid re-running this script phase.\necho \"SUCCESS\" > \"${SCRIPT_OUTPUT_FILE_0}\"\n";
			showEnvVarsInLog = 0;
		};
		3B38DFE8D42670D74B6AB5CA /* [CP] Embed Pods Frameworks */ = {
			isa = PBXShellScriptBuildPhase;
			buildActionMask = 2147483647;
			files = (
			);
			inputPaths = (
				"${PODS_ROOT}/Target Support Files/Pods-CTNotificationContentExampleSwift/Pods-CTNotificationContentExampleSwift-frameworks.sh",
				"${BUILT_PRODUCTS_DIR}/CleverTap-iOS-SDK/CleverTapSDK.framework",
				"${BUILT_PRODUCTS_DIR}/SDWebImage/SDWebImage.framework",
				"${BUILT_PRODUCTS_DIR}/CTNotificationContent/CTNotificationContent.framework",
				"${BUILT_PRODUCTS_DIR}/CTNotificationService/CTNotificationService.framework",
			);
			name = "[CP] Embed Pods Frameworks";
			outputPaths = (
				"${TARGET_BUILD_DIR}/${FRAMEWORKS_FOLDER_PATH}/CleverTapSDK.framework",
				"${TARGET_BUILD_DIR}/${FRAMEWORKS_FOLDER_PATH}/SDWebImage.framework",
				"${TARGET_BUILD_DIR}/${FRAMEWORKS_FOLDER_PATH}/CTNotificationContent.framework",
				"${TARGET_BUILD_DIR}/${FRAMEWORKS_FOLDER_PATH}/CTNotificationService.framework",
			);
			runOnlyForDeploymentPostprocessing = 0;
			shellPath = /bin/sh;
			shellScript = "\"${PODS_ROOT}/Target Support Files/Pods-CTNotificationContentExampleSwift/Pods-CTNotificationContentExampleSwift-frameworks.sh\"\n";
			showEnvVarsInLog = 0;
		};
		BC143BEBE8783794F43F6C2F /* [CP] Check Pods Manifest.lock */ = {
			isa = PBXShellScriptBuildPhase;
			buildActionMask = 2147483647;
			files = (
			);
			inputPaths = (
				"${PODS_PODFILE_DIR_PATH}/Podfile.lock",
				"${PODS_ROOT}/Manifest.lock",
			);
			name = "[CP] Check Pods Manifest.lock";
			outputPaths = (
				"$(DERIVED_FILE_DIR)/Pods-NotificationService-checkManifestLockResult.txt",
			);
			runOnlyForDeploymentPostprocessing = 0;
			shellPath = /bin/sh;
			shellScript = "diff \"${PODS_PODFILE_DIR_PATH}/Podfile.lock\" \"${PODS_ROOT}/Manifest.lock\" > /dev/null\nif [ $? != 0 ] ; then\n    # print error to STDERR\n    echo \"error: The sandbox is not in sync with the Podfile.lock. Run 'pod install' or update your CocoaPods installation.\" >&2\n    exit 1\nfi\n# This output is used by Xcode 'outputs' to avoid re-running this script phase.\necho \"SUCCESS\" > \"${SCRIPT_OUTPUT_FILE_0}\"\n";
			showEnvVarsInLog = 0;
		};
/* End PBXShellScriptBuildPhase section */

/* Begin PBXSourcesBuildPhase section */
		52F4CB9B1E67695700CCC4A2 /* Sources */ = {
			isa = PBXSourcesBuildPhase;
			buildActionMask = 2147483647;
			files = (
				52F4CBA51E67695700CCC4A2 /* ViewController.swift in Sources */,
				52F4CBA31E67695700CCC4A2 /* AppDelegate.swift in Sources */,
			);
			runOnlyForDeploymentPostprocessing = 0;
		};
		52F4CBBA1E676C8300CCC4A2 /* Sources */ = {
			isa = PBXSourcesBuildPhase;
			buildActionMask = 2147483647;
			files = (
				52F4CBC51E676C8300CCC4A2 /* NotificationViewController.swift in Sources */,
			);
			runOnlyForDeploymentPostprocessing = 0;
		};
		D0EBB3CA1F22D54B00F3FFF4 /* Sources */ = {
			isa = PBXSourcesBuildPhase;
			buildActionMask = 2147483647;
			files = (
				D0EBB3D11F22D54B00F3FFF4 /* NotificationService.swift in Sources */,
			);
			runOnlyForDeploymentPostprocessing = 0;
		};
/* End PBXSourcesBuildPhase section */

/* Begin PBXTargetDependency section */
		52F4CBCB1E676C8300CCC4A2 /* PBXTargetDependency */ = {
			isa = PBXTargetDependency;
			target = 52F4CBBD1E676C8300CCC4A2 /* NotificationContent */;
			targetProxy = 52F4CBCA1E676C8300CCC4A2 /* PBXContainerItemProxy */;
		};
		D0EBB3D41F22D54B00F3FFF4 /* PBXTargetDependency */ = {
			isa = PBXTargetDependency;
			target = D0EBB3CD1F22D54B00F3FFF4 /* NotificationService */;
			targetProxy = D0EBB3D31F22D54B00F3FFF4 /* PBXContainerItemProxy */;
		};
/* End PBXTargetDependency section */

/* Begin PBXVariantGroup section */
		52F4CBA61E67695700CCC4A2 /* Main.storyboard */ = {
			isa = PBXVariantGroup;
			children = (
				52F4CBA71E67695700CCC4A2 /* Base */,
			);
			name = Main.storyboard;
			sourceTree = "<group>";
		};
		52F4CBAB1E67695700CCC4A2 /* LaunchScreen.storyboard */ = {
			isa = PBXVariantGroup;
			children = (
				52F4CBAC1E67695700CCC4A2 /* Base */,
			);
			name = LaunchScreen.storyboard;
			sourceTree = "<group>";
		};
		52F4CBC61E676C8300CCC4A2 /* MainInterface.storyboard */ = {
			isa = PBXVariantGroup;
			children = (
				52F4CBC71E676C8300CCC4A2 /* Base */,
			);
			name = MainInterface.storyboard;
			sourceTree = "<group>";
		};
/* End PBXVariantGroup section */

/* Begin XCBuildConfiguration section */
		52F4CBAF1E67695700CCC4A2 /* Debug */ = {
			isa = XCBuildConfiguration;
			buildSettings = {
				ALWAYS_SEARCH_USER_PATHS = NO;
				CLANG_ANALYZER_LOCALIZABILITY_NONLOCALIZED = YES;
				CLANG_ANALYZER_NONNULL = YES;
				CLANG_CXX_LANGUAGE_STANDARD = "gnu++0x";
				CLANG_CXX_LIBRARY = "libc++";
				CLANG_ENABLE_MODULES = YES;
				CLANG_ENABLE_OBJC_ARC = YES;
				CLANG_WARN_BLOCK_CAPTURE_AUTORELEASING = YES;
				CLANG_WARN_BOOL_CONVERSION = YES;
				CLANG_WARN_COMMA = YES;
				CLANG_WARN_CONSTANT_CONVERSION = YES;
				CLANG_WARN_DEPRECATED_OBJC_IMPLEMENTATIONS = YES;
				CLANG_WARN_DIRECT_OBJC_ISA_USAGE = YES_ERROR;
				CLANG_WARN_DOCUMENTATION_COMMENTS = YES;
				CLANG_WARN_EMPTY_BODY = YES;
				CLANG_WARN_ENUM_CONVERSION = YES;
				CLANG_WARN_INFINITE_RECURSION = YES;
				CLANG_WARN_INT_CONVERSION = YES;
				CLANG_WARN_NON_LITERAL_NULL_CONVERSION = YES;
				CLANG_WARN_OBJC_IMPLICIT_RETAIN_SELF = YES;
				CLANG_WARN_OBJC_LITERAL_CONVERSION = YES;
				CLANG_WARN_OBJC_ROOT_CLASS = YES_ERROR;
				CLANG_WARN_RANGE_LOOP_ANALYSIS = YES;
				CLANG_WARN_STRICT_PROTOTYPES = YES;
				CLANG_WARN_SUSPICIOUS_MOVE = YES;
				CLANG_WARN_UNREACHABLE_CODE = YES;
				CLANG_WARN__DUPLICATE_METHOD_MATCH = YES;
				"CODE_SIGN_IDENTITY[sdk=iphoneos*]" = "iPhone Developer";
				COPY_PHASE_STRIP = NO;
				DEBUG_INFORMATION_FORMAT = dwarf;
				ENABLE_STRICT_OBJC_MSGSEND = YES;
				ENABLE_TESTABILITY = YES;
				GCC_C_LANGUAGE_STANDARD = gnu99;
				GCC_DYNAMIC_NO_PIC = NO;
				GCC_NO_COMMON_BLOCKS = YES;
				GCC_OPTIMIZATION_LEVEL = 0;
				GCC_PREPROCESSOR_DEFINITIONS = (
					"DEBUG=1",
					"$(inherited)",
				);
				GCC_WARN_64_TO_32_BIT_CONVERSION = YES;
				GCC_WARN_ABOUT_RETURN_TYPE = YES_ERROR;
				GCC_WARN_UNDECLARED_SELECTOR = YES;
				GCC_WARN_UNINITIALIZED_AUTOS = YES_AGGRESSIVE;
				GCC_WARN_UNUSED_FUNCTION = YES;
				GCC_WARN_UNUSED_VARIABLE = YES;
				IPHONEOS_DEPLOYMENT_TARGET = 10.0;
				MTL_ENABLE_DEBUG_INFO = YES;
				ONLY_ACTIVE_ARCH = YES;
				SDKROOT = iphoneos;
				SWIFT_ACTIVE_COMPILATION_CONDITIONS = DEBUG;
				SWIFT_OPTIMIZATION_LEVEL = "-Onone";
				TARGETED_DEVICE_FAMILY = "1,2";
			};
			name = Debug;
		};
		52F4CBB01E67695700CCC4A2 /* Release */ = {
			isa = XCBuildConfiguration;
			buildSettings = {
				ALWAYS_SEARCH_USER_PATHS = NO;
				CLANG_ANALYZER_LOCALIZABILITY_NONLOCALIZED = YES;
				CLANG_ANALYZER_NONNULL = YES;
				CLANG_CXX_LANGUAGE_STANDARD = "gnu++0x";
				CLANG_CXX_LIBRARY = "libc++";
				CLANG_ENABLE_MODULES = YES;
				CLANG_ENABLE_OBJC_ARC = YES;
				CLANG_WARN_BLOCK_CAPTURE_AUTORELEASING = YES;
				CLANG_WARN_BOOL_CONVERSION = YES;
				CLANG_WARN_COMMA = YES;
				CLANG_WARN_CONSTANT_CONVERSION = YES;
				CLANG_WARN_DEPRECATED_OBJC_IMPLEMENTATIONS = YES;
				CLANG_WARN_DIRECT_OBJC_ISA_USAGE = YES_ERROR;
				CLANG_WARN_DOCUMENTATION_COMMENTS = YES;
				CLANG_WARN_EMPTY_BODY = YES;
				CLANG_WARN_ENUM_CONVERSION = YES;
				CLANG_WARN_INFINITE_RECURSION = YES;
				CLANG_WARN_INT_CONVERSION = YES;
				CLANG_WARN_NON_LITERAL_NULL_CONVERSION = YES;
				CLANG_WARN_OBJC_IMPLICIT_RETAIN_SELF = YES;
				CLANG_WARN_OBJC_LITERAL_CONVERSION = YES;
				CLANG_WARN_OBJC_ROOT_CLASS = YES_ERROR;
				CLANG_WARN_RANGE_LOOP_ANALYSIS = YES;
				CLANG_WARN_STRICT_PROTOTYPES = YES;
				CLANG_WARN_SUSPICIOUS_MOVE = YES;
				CLANG_WARN_UNREACHABLE_CODE = YES;
				CLANG_WARN__DUPLICATE_METHOD_MATCH = YES;
				"CODE_SIGN_IDENTITY[sdk=iphoneos*]" = "iPhone Developer";
				COPY_PHASE_STRIP = NO;
				DEBUG_INFORMATION_FORMAT = "dwarf-with-dsym";
				ENABLE_NS_ASSERTIONS = NO;
				ENABLE_STRICT_OBJC_MSGSEND = YES;
				GCC_C_LANGUAGE_STANDARD = gnu99;
				GCC_NO_COMMON_BLOCKS = YES;
				GCC_WARN_64_TO_32_BIT_CONVERSION = YES;
				GCC_WARN_ABOUT_RETURN_TYPE = YES_ERROR;
				GCC_WARN_UNDECLARED_SELECTOR = YES;
				GCC_WARN_UNINITIALIZED_AUTOS = YES_AGGRESSIVE;
				GCC_WARN_UNUSED_FUNCTION = YES;
				GCC_WARN_UNUSED_VARIABLE = YES;
				IPHONEOS_DEPLOYMENT_TARGET = 10.0;
				MTL_ENABLE_DEBUG_INFO = NO;
				SDKROOT = iphoneos;
				SWIFT_COMPILATION_MODE = wholemodule;
				SWIFT_OPTIMIZATION_LEVEL = "-O";
				TARGETED_DEVICE_FAMILY = "1,2";
				VALIDATE_PRODUCT = YES;
			};
			name = Release;
		};
		52F4CBB21E67695700CCC4A2 /* Debug */ = {
			isa = XCBuildConfiguration;
			baseConfigurationReference = 9D9A8E63E765E353D3D3907F /* Pods-CTNotificationContentExampleSwift.debug.xcconfig */;
			buildSettings = {
				ALWAYS_EMBED_SWIFT_STANDARD_LIBRARIES = YES;
				ASSETCATALOG_COMPILER_APPICON_NAME = AppIcon;
				CODE_SIGN_ENTITLEMENTS = CTNotificationContentExampleSwift/CTNotificationContentExampleSwift.entitlements;
				DEVELOPMENT_TEAM = A5J34NR598;
				INFOPLIST_FILE = CTNotificationContentExampleSwift/Info.plist;
				IPHONEOS_DEPLOYMENT_TARGET = 10.0;
				LD_RUNPATH_SEARCH_PATHS = (
					"$(inherited)",
					"@executable_path/Frameworks",
				);
				PRODUCT_BUNDLE_IDENTIFIER = com.clevertap.CTNotificationContentExample;
				PRODUCT_NAME = "$(TARGET_NAME)";
				SWIFT_OBJC_BRIDGING_HEADER = "";
				SWIFT_VERSION = 5.0;
			};
			name = Debug;
		};
		52F4CBB31E67695700CCC4A2 /* Release */ = {
			isa = XCBuildConfiguration;
			baseConfigurationReference = 05784BC3E919005238615532 /* Pods-CTNotificationContentExampleSwift.release.xcconfig */;
			buildSettings = {
				ALWAYS_EMBED_SWIFT_STANDARD_LIBRARIES = YES;
				ASSETCATALOG_COMPILER_APPICON_NAME = AppIcon;
				CODE_SIGN_ENTITLEMENTS = CTNotificationContentExampleSwift/CTNotificationContentExampleSwift.entitlements;
				DEVELOPMENT_TEAM = A5J34NR598;
				INFOPLIST_FILE = CTNotificationContentExampleSwift/Info.plist;
				IPHONEOS_DEPLOYMENT_TARGET = 10.0;
				LD_RUNPATH_SEARCH_PATHS = (
					"$(inherited)",
					"@executable_path/Frameworks",
				);
				PRODUCT_BUNDLE_IDENTIFIER = com.clevertap.CTNotificationContentExample;
				PRODUCT_NAME = "$(TARGET_NAME)";
				SWIFT_OBJC_BRIDGING_HEADER = "";
				SWIFT_VERSION = 5.0;
			};
			name = Release;
		};
		52F4CBCE1E676C8300CCC4A2 /* Debug */ = {
			isa = XCBuildConfiguration;
			baseConfigurationReference = 88C6AF1DDE9CD43FED473B56 /* Pods-NotificationContent.debug.xcconfig */;
			buildSettings = {
				DEVELOPMENT_TEAM = A5J34NR598;
				INFOPLIST_FILE = NotificationContent/Info.plist;
				IPHONEOS_DEPLOYMENT_TARGET = 10.0;
				LD_RUNPATH_SEARCH_PATHS = (
					"$(inherited)",
					"@executable_path/Frameworks",
					"@executable_path/../../Frameworks",
				);
				PRODUCT_BUNDLE_IDENTIFIER = com.clevertap.CTNotificationContentExample.NotificationContent;
				PRODUCT_NAME = "$(TARGET_NAME)";
				SKIP_INSTALL = YES;
				SWIFT_VERSION = 5.0;
			};
			name = Debug;
		};
		52F4CBCF1E676C8300CCC4A2 /* Release */ = {
			isa = XCBuildConfiguration;
			baseConfigurationReference = 7819051DB57DE431BB287A15 /* Pods-NotificationContent.release.xcconfig */;
			buildSettings = {
				DEVELOPMENT_TEAM = A5J34NR598;
				INFOPLIST_FILE = NotificationContent/Info.plist;
				IPHONEOS_DEPLOYMENT_TARGET = 10.0;
				LD_RUNPATH_SEARCH_PATHS = (
					"$(inherited)",
					"@executable_path/Frameworks",
					"@executable_path/../../Frameworks",
				);
				PRODUCT_BUNDLE_IDENTIFIER = com.clevertap.CTNotificationContentExample.NotificationContent;
				PRODUCT_NAME = "$(TARGET_NAME)";
				SKIP_INSTALL = YES;
				SWIFT_VERSION = 5.0;
			};
			name = Release;
		};
		D0EBB3D61F22D54B00F3FFF4 /* Debug */ = {
			isa = XCBuildConfiguration;
			baseConfigurationReference = 0AC42929B3578CB8F123C143 /* Pods-NotificationService.debug.xcconfig */;
			buildSettings = {
				CLANG_ANALYZER_NUMBER_OBJECT_CONVERSION = YES_AGGRESSIVE;
				DEVELOPMENT_TEAM = A5J34NR598;
				INFOPLIST_FILE = NotificationService/Info.plist;
				IPHONEOS_DEPLOYMENT_TARGET = 10.0;
				LD_RUNPATH_SEARCH_PATHS = (
					"$(inherited)",
					"@executable_path/Frameworks",
					"@executable_path/../../Frameworks",
				);
				PRODUCT_BUNDLE_IDENTIFIER = com.clevertap.CTNotificationContentExample.NotificationService;
				PRODUCT_NAME = "$(TARGET_NAME)";
				SKIP_INSTALL = YES;
				SWIFT_VERSION = 5.0;
			};
			name = Debug;
		};
		D0EBB3D71F22D54B00F3FFF4 /* Release */ = {
			isa = XCBuildConfiguration;
			baseConfigurationReference = 918FF44331C90765212B0A48 /* Pods-NotificationService.release.xcconfig */;
			buildSettings = {
				CLANG_ANALYZER_NUMBER_OBJECT_CONVERSION = YES_AGGRESSIVE;
				DEVELOPMENT_TEAM = A5J34NR598;
				INFOPLIST_FILE = NotificationService/Info.plist;
				IPHONEOS_DEPLOYMENT_TARGET = 10.0;
				LD_RUNPATH_SEARCH_PATHS = (
					"$(inherited)",
					"@executable_path/Frameworks",
					"@executable_path/../../Frameworks",
				);
				PRODUCT_BUNDLE_IDENTIFIER = com.clevertap.CTNotificationContentExample.NotificationService;
				PRODUCT_NAME = "$(TARGET_NAME)";
				SKIP_INSTALL = YES;
				SWIFT_VERSION = 5.0;
			};
			name = Release;
		};
/* End XCBuildConfiguration section */

/* Begin XCConfigurationList section */
		52F4CB9A1E67695700CCC4A2 /* Build configuration list for PBXProject "CTNotificationContentExampleSwift" */ = {
			isa = XCConfigurationList;
			buildConfigurations = (
				52F4CBAF1E67695700CCC4A2 /* Debug */,
				52F4CBB01E67695700CCC4A2 /* Release */,
			);
			defaultConfigurationIsVisible = 0;
			defaultConfigurationName = Release;
		};
		52F4CBB11E67695700CCC4A2 /* Build configuration list for PBXNativeTarget "CTNotificationContentExampleSwift" */ = {
			isa = XCConfigurationList;
			buildConfigurations = (
				52F4CBB21E67695700CCC4A2 /* Debug */,
				52F4CBB31E67695700CCC4A2 /* Release */,
			);
			defaultConfigurationIsVisible = 0;
			defaultConfigurationName = Release;
		};
		52F4CBCD1E676C8300CCC4A2 /* Build configuration list for PBXNativeTarget "NotificationContent" */ = {
			isa = XCConfigurationList;
			buildConfigurations = (
				52F4CBCE1E676C8300CCC4A2 /* Debug */,
				52F4CBCF1E676C8300CCC4A2 /* Release */,
			);
			defaultConfigurationIsVisible = 0;
			defaultConfigurationName = Release;
		};
		D0EBB3D81F22D54B00F3FFF4 /* Build configuration list for PBXNativeTarget "NotificationService" */ = {
			isa = XCConfigurationList;
			buildConfigurations = (
				D0EBB3D61F22D54B00F3FFF4 /* Debug */,
				D0EBB3D71F22D54B00F3FFF4 /* Release */,
			);
			defaultConfigurationIsVisible = 0;
			defaultConfigurationName = Release;
		};
/* End XCConfigurationList section */
	};
	rootObject = 52F4CB971E67695700CCC4A2 /* Project object */;
}
