// !$*UTF8*$!
{
	archiveVersion = 1;
	classes = {
	};
	objectVersion = 52;
	objects = {

/* Begin PBXBuildFile section */
		496ED91527589B88002174B7 /* AppDelegate.swift in Sources */ = {isa = PBXBuildFile; fileRef = 496ED91427589B88002174B7 /* AppDelegate.swift */; };
		496ED91927589B88002174B7 /* ViewController.swift in Sources */ = {isa = PBXBuildFile; fileRef = 496ED91827589B88002174B7 /* ViewController.swift */; };
		496ED91C27589B88002174B7 /* Main.storyboard in Resources */ = {isa = PBXBuildFile; fileRef = 496ED91A27589B88002174B7 /* Main.storyboard */; };
		496ED91E27589B8A002174B7 /* Assets.xcassets in Resources */ = {isa = PBXBuildFile; fileRef = 496ED91D27589B8A002174B7 /* Assets.xcassets */; };
		496ED92127589B8A002174B7 /* LaunchScreen.storyboard in Resources */ = {isa = PBXBuildFile; fileRef = 496ED91F27589B8A002174B7 /* LaunchScreen.storyboard */; };
		496ED92F27589BB8002174B7 /* NotificationService.swift in Sources */ = {isa = PBXBuildFile; fileRef = 496ED92E27589BB8002174B7 /* NotificationService.swift */; };
		496ED93327589BB8002174B7 /* NotificationService.appex in Embed App Extensions */ = {isa = PBXBuildFile; fileRef = 496ED92C27589BB8002174B7 /* NotificationService.appex */; settings = {ATTRIBUTES = (RemoveHeadersOnCopy, ); }; };
		496ED95127589CBD002174B7 /* CleverTapSDK in Frameworks */ = {isa = PBXBuildFile; productRef = 496ED95027589CBD002174B7 /* CleverTapSDK */; };
		496ED95427589CCC002174B7 /* CTNotificationService in Frameworks */ = {isa = PBXBuildFile; productRef = 496ED95327589CCC002174B7 /* CTNotificationService */; };
		496ED95627589CE0002174B7 /* CTNotificationService in Frameworks */ = {isa = PBXBuildFile; productRef = 496ED95527589CE0002174B7 /* CTNotificationService */; };
		496ED95927589D39002174B7 /* CTNotificationContent in Frameworks */ = {isa = PBXBuildFile; productRef = 496ED95827589D39002174B7 /* CTNotificationContent */; };
		496ED96327589E87002174B7 /* UserNotifications.framework in Frameworks */ = {isa = PBXBuildFile; fileRef = 496ED93E27589BCE002174B7 /* UserNotifications.framework */; };
		496ED96427589E87002174B7 /* UserNotificationsUI.framework in Frameworks */ = {isa = PBXBuildFile; fileRef = 496ED94027589BCE002174B7 /* UserNotificationsUI.framework */; };
		496ED96727589E87002174B7 /* NotificationViewController.swift in Sources */ = {isa = PBXBuildFile; fileRef = 496ED96627589E87002174B7 /* NotificationViewController.swift */; };
		496ED96A27589E87002174B7 /* MainInterface.storyboard in Resources */ = {isa = PBXBuildFile; fileRef = 496ED96827589E87002174B7 /* MainInterface.storyboard */; };
		496ED96E27589E87002174B7 /* NotificationContent.appex in Embed App Extensions */ = {isa = PBXBuildFile; fileRef = 496ED96227589E87002174B7 /* NotificationContent.appex */; settings = {ATTRIBUTES = (RemoveHeadersOnCopy, ); }; };
		496ED97327589E9B002174B7 /* CTNotificationContent in Frameworks */ = {isa = PBXBuildFile; productRef = 496ED97227589E9B002174B7 /* CTNotificationContent */; };
/* End PBXBuildFile section */

/* Begin PBXContainerItemProxy section */
		496ED93127589BB8002174B7 /* PBXContainerItemProxy */ = {
			isa = PBXContainerItemProxy;
			containerPortal = 496ED90927589B88002174B7 /* Project object */;
			proxyType = 1;
			remoteGlobalIDString = 496ED92B27589BB8002174B7;
			remoteInfo = NotificationService;
		};
		496ED96C27589E87002174B7 /* PBXContainerItemProxy */ = {
			isa = PBXContainerItemProxy;
			containerPortal = 496ED90927589B88002174B7 /* Project object */;
			proxyType = 1;
			remoteGlobalIDString = 496ED96127589E87002174B7;
			remoteInfo = NotificationContent;
		};
/* End PBXContainerItemProxy section */

/* Begin PBXCopyFilesBuildPhase section */
		496ED93727589BB8002174B7 /* Embed App Extensions */ = {
			isa = PBXCopyFilesBuildPhase;
			buildActionMask = 2147483647;
			dstPath = "";
			dstSubfolderSpec = 13;
			files = (
				496ED93327589BB8002174B7 /* NotificationService.appex in Embed App Extensions */,
				496ED96E27589E87002174B7 /* NotificationContent.appex in Embed App Extensions */,
			);
			name = "Embed App Extensions";
			runOnlyForDeploymentPostprocessing = 0;
		};
/* End PBXCopyFilesBuildPhase section */

/* Begin PBXFileReference section */
		496ED91127589B88002174B7 /* CTNotificationContentExampleSPM.app */ = {isa = PBXFileReference; explicitFileType = wrapper.application; includeInIndex = 0; path = CTNotificationContentExampleSPM.app; sourceTree = BUILT_PRODUCTS_DIR; };
		496ED91427589B88002174B7 /* AppDelegate.swift */ = {isa = PBXFileReference; lastKnownFileType = sourcecode.swift; path = AppDelegate.swift; sourceTree = "<group>"; };
		496ED91827589B88002174B7 /* ViewController.swift */ = {isa = PBXFileReference; lastKnownFileType = sourcecode.swift; path = ViewController.swift; sourceTree = "<group>"; };
		496ED91B27589B88002174B7 /* Base */ = {isa = PBXFileReference; lastKnownFileType = file.storyboard; name = Base; path = Base.lproj/Main.storyboard; sourceTree = "<group>"; };
		496ED91D27589B8A002174B7 /* Assets.xcassets */ = {isa = PBXFileReference; lastKnownFileType = folder.assetcatalog; path = Assets.xcassets; sourceTree = "<group>"; };
		496ED92027589B8A002174B7 /* Base */ = {isa = PBXFileReference; lastKnownFileType = file.storyboard; name = Base; path = Base.lproj/LaunchScreen.storyboard; sourceTree = "<group>"; };
		496ED92227589B8A002174B7 /* Info.plist */ = {isa = PBXFileReference; lastKnownFileType = text.plist.xml; path = Info.plist; sourceTree = "<group>"; };
		496ED92C27589BB8002174B7 /* NotificationService.appex */ = {isa = PBXFileReference; explicitFileType = "wrapper.app-extension"; includeInIndex = 0; path = NotificationService.appex; sourceTree = BUILT_PRODUCTS_DIR; };
		496ED92E27589BB8002174B7 /* NotificationService.swift */ = {isa = PBXFileReference; lastKnownFileType = sourcecode.swift; path = NotificationService.swift; sourceTree = "<group>"; };
		496ED93027589BB8002174B7 /* Info.plist */ = {isa = PBXFileReference; lastKnownFileType = text.plist.xml; path = Info.plist; sourceTree = "<group>"; };
		496ED93E27589BCE002174B7 /* UserNotifications.framework */ = {isa = PBXFileReference; lastKnownFileType = wrapper.framework; name = UserNotifications.framework; path = System/Library/Frameworks/UserNotifications.framework; sourceTree = SDKROOT; };
		496ED94027589BCE002174B7 /* UserNotificationsUI.framework */ = {isa = PBXFileReference; lastKnownFileType = wrapper.framework; name = UserNotificationsUI.framework; path = System/Library/Frameworks/UserNotificationsUI.framework; sourceTree = SDKROOT; };
		496ED94327589BCE002174B7 /* NotificationViewController.swift */ = {isa = PBXFileReference; lastKnownFileType = sourcecode.swift; path = NotificationViewController.swift; sourceTree = "<group>"; };
		496ED94627589BCE002174B7 /* Base */ = {isa = PBXFileReference; lastKnownFileType = file.storyboard; name = Base; path = Base.lproj/MainInterface.storyboard; sourceTree = "<group>"; };
		496ED95C27589E37002174B7 /* Info.plist */ = {isa = PBXFileReference; fileEncoding = 4; lastKnownFileType = text.plist.xml; path = Info.plist; sourceTree = "<group>"; };
		496ED96227589E87002174B7 /* NotificationContent.appex */ = {isa = PBXFileReference; explicitFileType = "wrapper.app-extension"; includeInIndex = 0; path = NotificationContent.appex; sourceTree = BUILT_PRODUCTS_DIR; };
		496ED96627589E87002174B7 /* NotificationViewController.swift */ = {isa = PBXFileReference; lastKnownFileType = sourcecode.swift; path = NotificationViewController.swift; sourceTree = "<group>"; };
		496ED96927589E87002174B7 /* Base */ = {isa = PBXFileReference; lastKnownFileType = file.storyboard; name = Base; path = Base.lproj/MainInterface.storyboard; sourceTree = "<group>"; };
		496ED96B27589E87002174B7 /* Info.plist */ = {isa = PBXFileReference; lastKnownFileType = text.plist.xml; path = Info.plist; sourceTree = "<group>"; };
		496ED9742758A706002174B7 /* CTNotificationContentExampleSPM.entitlements */ = {isa = PBXFileReference; lastKnownFileType = text.plist.entitlements; path = CTNotificationContentExampleSPM.entitlements; sourceTree = "<group>"; };
/* End PBXFileReference section */

/* Begin PBXFrameworksBuildPhase section */
		496ED90E27589B88002174B7 /* Frameworks */ = {
			isa = PBXFrameworksBuildPhase;
			buildActionMask = 2147483647;
			files = (
				496ED95427589CCC002174B7 /* CTNotificationService in Frameworks */,
				496ED95927589D39002174B7 /* CTNotificationContent in Frameworks */,
				496ED95127589CBD002174B7 /* CleverTapSDK in Frameworks */,
			);
			runOnlyForDeploymentPostprocessing = 0;
		};
		496ED92927589BB8002174B7 /* Frameworks */ = {
			isa = PBXFrameworksBuildPhase;
			buildActionMask = 2147483647;
			files = (
				496ED95627589CE0002174B7 /* CTNotificationService in Frameworks */,
			);
			runOnlyForDeploymentPostprocessing = 0;
		};
		496ED95F27589E87002174B7 /* Frameworks */ = {
			isa = PBXFrameworksBuildPhase;
			buildActionMask = 2147483647;
			files = (
				496ED96427589E87002174B7 /* UserNotificationsUI.framework in Frameworks */,
				496ED97327589E9B002174B7 /* CTNotificationContent in Frameworks */,
				496ED96327589E87002174B7 /* UserNotifications.framework in Frameworks */,
			);
			runOnlyForDeploymentPostprocessing = 0;
		};
/* End PBXFrameworksBuildPhase section */

/* Begin PBXGroup section */
		496ED90827589B88002174B7 = {
			isa = PBXGroup;
			children = (
				496ED91327589B88002174B7 /* CTNotificationContentExampleSPM */,
				496ED92D27589BB8002174B7 /* NotificationService */,
				496ED94227589BCE002174B7 /* NotificationContent */,
				496ED96527589E87002174B7 /* NotificationContent */,
				496ED93D27589BCE002174B7 /* Frameworks */,
				496ED91227589B88002174B7 /* Products */,
			);
			sourceTree = "<group>";
		};
		496ED91227589B88002174B7 /* Products */ = {
			isa = PBXGroup;
			children = (
				496ED91127589B88002174B7 /* CTNotificationContentExampleSPM.app */,
				496ED92C27589BB8002174B7 /* NotificationService.appex */,
				496ED96227589E87002174B7 /* NotificationContent.appex */,
			);
			name = Products;
			sourceTree = "<group>";
		};
		496ED91327589B88002174B7 /* CTNotificationContentExampleSPM */ = {
			isa = PBXGroup;
			children = (
				496ED9742758A706002174B7 /* CTNotificationContentExampleSPM.entitlements */,
				496ED91427589B88002174B7 /* AppDelegate.swift */,
				496ED91827589B88002174B7 /* ViewController.swift */,
				496ED91A27589B88002174B7 /* Main.storyboard */,
				496ED91D27589B8A002174B7 /* Assets.xcassets */,
				496ED91F27589B8A002174B7 /* LaunchScreen.storyboard */,
				496ED92227589B8A002174B7 /* Info.plist */,
			);
			path = CTNotificationContentExampleSPM;
			sourceTree = "<group>";
		};
		496ED92D27589BB8002174B7 /* NotificationService */ = {
			isa = PBXGroup;
			children = (
				496ED92E27589BB8002174B7 /* NotificationService.swift */,
				496ED93027589BB8002174B7 /* Info.plist */,
			);
			path = NotificationService;
			sourceTree = "<group>";
		};
		496ED93D27589BCE002174B7 /* Frameworks */ = {
			isa = PBXGroup;
			children = (
				496ED93E27589BCE002174B7 /* UserNotifications.framework */,
				496ED94027589BCE002174B7 /* UserNotificationsUI.framework */,
			);
			name = Frameworks;
			sourceTree = "<group>";
		};
		496ED94227589BCE002174B7 /* NotificationContent */ = {
			isa = PBXGroup;
			children = (
				496ED94327589BCE002174B7 /* NotificationViewController.swift */,
				496ED94527589BCE002174B7 /* MainInterface.storyboard */,
				496ED95C27589E37002174B7 /* Info.plist */,
			);
			path = NotificationContent;
			sourceTree = "<group>";
		};
		496ED96527589E87002174B7 /* NotificationContent */ = {
			isa = PBXGroup;
			children = (
				496ED96627589E87002174B7 /* NotificationViewController.swift */,
				496ED96827589E87002174B7 /* MainInterface.storyboard */,
				496ED96B27589E87002174B7 /* Info.plist */,
			);
			path = NotificationContent;
			sourceTree = "<group>";
		};
/* End PBXGroup section */

/* Begin PBXNativeTarget section */
		496ED91027589B88002174B7 /* CTNotificationContentExampleSPM */ = {
			isa = PBXNativeTarget;
			buildConfigurationList = 496ED92527589B8A002174B7 /* Build configuration list for PBXNativeTarget "CTNotificationContentExampleSPM" */;
			buildPhases = (
				496ED90D27589B88002174B7 /* Sources */,
				496ED90E27589B88002174B7 /* Frameworks */,
				496ED90F27589B88002174B7 /* Resources */,
				496ED93727589BB8002174B7 /* Embed App Extensions */,
			);
			buildRules = (
			);
			dependencies = (
				496ED93227589BB8002174B7 /* PBXTargetDependency */,
				496ED96D27589E87002174B7 /* PBXTargetDependency */,
			);
			name = CTNotificationContentExampleSPM;
			packageProductDependencies = (
				496ED95027589CBD002174B7 /* CleverTapSDK */,
				496ED95327589CCC002174B7 /* CTNotificationService */,
				496ED95827589D39002174B7 /* CTNotificationContent */,
			);
			productName = CTNotificationContentExampleSPM;
			productReference = 496ED91127589B88002174B7 /* CTNotificationContentExampleSPM.app */;
			productType = "com.apple.product-type.application";
		};
		496ED92B27589BB8002174B7 /* NotificationService */ = {
			isa = PBXNativeTarget;
			buildConfigurationList = 496ED93427589BB8002174B7 /* Build configuration list for PBXNativeTarget "NotificationService" */;
			buildPhases = (
				496ED92827589BB8002174B7 /* Sources */,
				496ED92927589BB8002174B7 /* Frameworks */,
				496ED92A27589BB8002174B7 /* Resources */,
			);
			buildRules = (
			);
			dependencies = (
			);
			name = NotificationService;
			packageProductDependencies = (
				496ED95527589CE0002174B7 /* CTNotificationService */,
			);
			productName = NotificationService;
			productReference = 496ED92C27589BB8002174B7 /* NotificationService.appex */;
			productType = "com.apple.product-type.app-extension";
		};
		496ED96127589E87002174B7 /* NotificationContent */ = {
			isa = PBXNativeTarget;
			buildConfigurationList = 496ED96F27589E87002174B7 /* Build configuration list for PBXNativeTarget "NotificationContent" */;
			buildPhases = (
				496ED95E27589E87002174B7 /* Sources */,
				496ED95F27589E87002174B7 /* Frameworks */,
				496ED96027589E87002174B7 /* Resources */,
			);
			buildRules = (
			);
			dependencies = (
			);
			name = NotificationContent;
			packageProductDependencies = (
				496ED97227589E9B002174B7 /* CTNotificationContent */,
			);
			productName = NotificationContent;
			productReference = 496ED96227589E87002174B7 /* NotificationContent.appex */;
			productType = "com.apple.product-type.app-extension";
		};
/* End PBXNativeTarget section */

/* Begin PBXProject section */
		496ED90927589B88002174B7 /* Project object */ = {
			isa = PBXProject;
			attributes = {
				LastSwiftUpdateCheck = 1250;
				LastUpgradeCheck = 1250;
				ORGANIZATIONNAME = CleverTap;
				TargetAttributes = {
					496ED91027589B88002174B7 = {
						CreatedOnToolsVersion = 12.5;
					};
					496ED92B27589BB8002174B7 = {
						CreatedOnToolsVersion = 12.5;
					};
					496ED96127589E87002174B7 = {
						CreatedOnToolsVersion = 12.5;
					};
				};
			};
			buildConfigurationList = 496ED90C27589B88002174B7 /* Build configuration list for PBXProject "CTNotificationContentExampleSPM" */;
			compatibilityVersion = "Xcode 10.0";
			developmentRegion = en;
			hasScannedForEncodings = 0;
			knownRegions = (
				en,
				Base,
			);
			mainGroup = 496ED90827589B88002174B7;
			packageReferences = (
				496ED94F27589CBD002174B7 /* XCRemoteSwiftPackageReference "clevertap-ios-sdk" */,
				496ED95227589CCC002174B7 /* XCRemoteSwiftPackageReference "CTNotificationService" */,
				496ED95727589D39002174B7 /* XCRemoteSwiftPackageReference "CTNotificationContent" */,
			);
			productRefGroup = 496ED91227589B88002174B7 /* Products */;
			projectDirPath = "";
			projectRoot = "";
			targets = (
				496ED91027589B88002174B7 /* CTNotificationContentExampleSPM */,
				496ED92B27589BB8002174B7 /* NotificationService */,
				496ED96127589E87002174B7 /* NotificationContent */,
			);
		};
/* End PBXProject section */

/* Begin PBXResourcesBuildPhase section */
		496ED90F27589B88002174B7 /* Resources */ = {
			isa = PBXResourcesBuildPhase;
			buildActionMask = 2147483647;
			files = (
				496ED92127589B8A002174B7 /* LaunchScreen.storyboard in Resources */,
				496ED91E27589B8A002174B7 /* Assets.xcassets in Resources */,
				496ED91C27589B88002174B7 /* Main.storyboard in Resources */,
			);
			runOnlyForDeploymentPostprocessing = 0;
		};
		496ED92A27589BB8002174B7 /* Resources */ = {
			isa = PBXResourcesBuildPhase;
			buildActionMask = 2147483647;
			files = (
			);
			runOnlyForDeploymentPostprocessing = 0;
		};
		496ED96027589E87002174B7 /* Resources */ = {
			isa = PBXResourcesBuildPhase;
			buildActionMask = 2147483647;
			files = (
				496ED96A27589E87002174B7 /* MainInterface.storyboard in Resources */,
			);
			runOnlyForDeploymentPostprocessing = 0;
		};
/* End PBXResourcesBuildPhase section */

/* Begin PBXSourcesBuildPhase section */
		496ED90D27589B88002174B7 /* Sources */ = {
			isa = PBXSourcesBuildPhase;
			buildActionMask = 2147483647;
			files = (
				496ED91927589B88002174B7 /* ViewController.swift in Sources */,
				496ED91527589B88002174B7 /* AppDelegate.swift in Sources */,
			);
			runOnlyForDeploymentPostprocessing = 0;
		};
		496ED92827589BB8002174B7 /* Sources */ = {
			isa = PBXSourcesBuildPhase;
			buildActionMask = 2147483647;
			files = (
				496ED92F27589BB8002174B7 /* NotificationService.swift in Sources */,
			);
			runOnlyForDeploymentPostprocessing = 0;
		};
		496ED95E27589E87002174B7 /* Sources */ = {
			isa = PBXSourcesBuildPhase;
			buildActionMask = 2147483647;
			files = (
				496ED96727589E87002174B7 /* NotificationViewController.swift in Sources */,
			);
			runOnlyForDeploymentPostprocessing = 0;
		};
/* End PBXSourcesBuildPhase section */

/* Begin PBXTargetDependency section */
		496ED93227589BB8002174B7 /* PBXTargetDependency */ = {
			isa = PBXTargetDependency;
			target = 496ED92B27589BB8002174B7 /* NotificationService */;
			targetProxy = 496ED93127589BB8002174B7 /* PBXContainerItemProxy */;
		};
		496ED96D27589E87002174B7 /* PBXTargetDependency */ = {
			isa = PBXTargetDependency;
			target = 496ED96127589E87002174B7 /* NotificationContent */;
			targetProxy = 496ED96C27589E87002174B7 /* PBXContainerItemProxy */;
		};
/* End PBXTargetDependency section */

/* Begin PBXVariantGroup section */
		496ED91A27589B88002174B7 /* Main.storyboard */ = {
			isa = PBXVariantGroup;
			children = (
				496ED91B27589B88002174B7 /* Base */,
			);
			name = Main.storyboard;
			sourceTree = "<group>";
		};
		496ED91F27589B8A002174B7 /* LaunchScreen.storyboard */ = {
			isa = PBXVariantGroup;
			children = (
				496ED92027589B8A002174B7 /* Base */,
			);
			name = LaunchScreen.storyboard;
			sourceTree = "<group>";
		};
		496ED94527589BCE002174B7 /* MainInterface.storyboard */ = {
			isa = PBXVariantGroup;
			children = (
				496ED94627589BCE002174B7 /* Base */,
			);
			name = MainInterface.storyboard;
			sourceTree = "<group>";
		};
		496ED96827589E87002174B7 /* MainInterface.storyboard */ = {
			isa = PBXVariantGroup;
			children = (
				496ED96927589E87002174B7 /* Base */,
			);
			name = MainInterface.storyboard;
			sourceTree = "<group>";
		};
/* End PBXVariantGroup section */

/* Begin XCBuildConfiguration section */
		496ED92327589B8A002174B7 /* Debug */ = {
			isa = XCBuildConfiguration;
			buildSettings = {
				ALWAYS_SEARCH_USER_PATHS = NO;
				CLANG_ANALYZER_NONNULL = YES;
				CLANG_ANALYZER_NUMBER_OBJECT_CONVERSION = YES_AGGRESSIVE;
				CLANG_CXX_LANGUAGE_STANDARD = "gnu++14";
				CLANG_CXX_LIBRARY = "libc++";
				CLANG_ENABLE_MODULES = YES;
				CLANG_ENABLE_OBJC_ARC = YES;
				CLANG_ENABLE_OBJC_WEAK = YES;
				CLANG_WARN_BLOCK_CAPTURE_AUTORELEASING = YES;
				CLANG_WARN_BOOL_CONVERSION = YES;
				CLANG_WARN_COMMA = YES;
				CLANG_WARN_CONSTANT_CONVERSION = YES;
				CLANG_WARN_DEPRECATED_OBJC_IMPLEMENTATIONS = YES;
				CLANG_WARN_DIRECT_OBJC_ISA_USAGE = YES_ERROR;
				CLANG_WARN_DOCUMENTATION_COMMENTS = YES;
				CLANG_WARN_EMPTY_BODY = YES;
				CLANG_WARN_ENUM_CONVERSION = YES;
				CLANG_WARN_INFINITE_RECURSION = YES;
				CLANG_WARN_INT_CONVERSION = YES;
				CLANG_WARN_NON_LITERAL_NULL_CONVERSION = YES;
				CLANG_WARN_OBJC_IMPLICIT_RETAIN_SELF = YES;
				CLANG_WARN_OBJC_LITERAL_CONVERSION = YES;
				CLANG_WARN_OBJC_ROOT_CLASS = YES_ERROR;
				CLANG_WARN_QUOTED_INCLUDE_IN_FRAMEWORK_HEADER = YES;
				CLANG_WARN_RANGE_LOOP_ANALYSIS = YES;
				CLANG_WARN_STRICT_PROTOTYPES = YES;
				CLANG_WARN_SUSPICIOUS_MOVE = YES;
				CLANG_WARN_UNGUARDED_AVAILABILITY = YES_AGGRESSIVE;
				CLANG_WARN_UNREACHABLE_CODE = YES;
				CLANG_WARN__DUPLICATE_METHOD_MATCH = YES;
				COPY_PHASE_STRIP = NO;
				DEBUG_INFORMATION_FORMAT = dwarf;
				ENABLE_STRICT_OBJC_MSGSEND = YES;
				ENABLE_TESTABILITY = YES;
				GCC_C_LANGUAGE_STANDARD = gnu11;
				GCC_DYNAMIC_NO_PIC = NO;
				GCC_NO_COMMON_BLOCKS = YES;
				GCC_OPTIMIZATION_LEVEL = 0;
				GCC_PREPROCESSOR_DEFINITIONS = (
					"DEBUG=1",
					"$(inherited)",
				);
				GCC_WARN_64_TO_32_BIT_CONVERSION = YES;
				GCC_WARN_ABOUT_RETURN_TYPE = YES_ERROR;
				GCC_WARN_UNDECLARED_SELECTOR = YES;
				GCC_WARN_UNINITIALIZED_AUTOS = YES_AGGRESSIVE;
				GCC_WARN_UNUSED_FUNCTION = YES;
				GCC_WARN_UNUSED_VARIABLE = YES;
				IPHONEOS_DEPLOYMENT_TARGET = 12.1;
				MTL_ENABLE_DEBUG_INFO = INCLUDE_SOURCE;
				MTL_FAST_MATH = YES;
				ONLY_ACTIVE_ARCH = YES;
				SDKROOT = iphoneos;
				SWIFT_ACTIVE_COMPILATION_CONDITIONS = DEBUG;
				SWIFT_OPTIMIZATION_LEVEL = "-Onone";
			};
			name = Debug;
		};
		496ED92427589B8A002174B7 /* Release */ = {
			isa = XCBuildConfiguration;
			buildSettings = {
				ALWAYS_SEARCH_USER_PATHS = NO;
				CLANG_ANALYZER_NONNULL = YES;
				CLANG_ANALYZER_NUMBER_OBJECT_CONVERSION = YES_AGGRESSIVE;
				CLANG_CXX_LANGUAGE_STANDARD = "gnu++14";
				CLANG_CXX_LIBRARY = "libc++";
				CLANG_ENABLE_MODULES = YES;
				CLANG_ENABLE_OBJC_ARC = YES;
				CLANG_ENABLE_OBJC_WEAK = YES;
				CLANG_WARN_BLOCK_CAPTURE_AUTORELEASING = YES;
				CLANG_WARN_BOOL_CONVERSION = YES;
				CLANG_WARN_COMMA = YES;
				CLANG_WARN_CONSTANT_CONVERSION = YES;
				CLANG_WARN_DEPRECATED_OBJC_IMPLEMENTATIONS = YES;
				CLANG_WARN_DIRECT_OBJC_ISA_USAGE = YES_ERROR;
				CLANG_WARN_DOCUMENTATION_COMMENTS = YES;
				CLANG_WARN_EMPTY_BODY = YES;
				CLANG_WARN_ENUM_CONVERSION = YES;
				CLANG_WARN_INFINITE_RECURSION = YES;
				CLANG_WARN_INT_CONVERSION = YES;
				CLANG_WARN_NON_LITERAL_NULL_CONVERSION = YES;
				CLANG_WARN_OBJC_IMPLICIT_RETAIN_SELF = YES;
				CLANG_WARN_OBJC_LITERAL_CONVERSION = YES;
				CLANG_WARN_OBJC_ROOT_CLASS = YES_ERROR;
				CLANG_WARN_QUOTED_INCLUDE_IN_FRAMEWORK_HEADER = YES;
				CLANG_WARN_RANGE_LOOP_ANALYSIS = YES;
				CLANG_WARN_STRICT_PROTOTYPES = YES;
				CLANG_WARN_SUSPICIOUS_MOVE = YES;
				CLANG_WARN_UNGUARDED_AVAILABILITY = YES_AGGRESSIVE;
				CLANG_WARN_UNREACHABLE_CODE = YES;
				CLANG_WARN__DUPLICATE_METHOD_MATCH = YES;
				COPY_PHASE_STRIP = NO;
				DEBUG_INFORMATION_FORMAT = "dwarf-with-dsym";
				ENABLE_NS_ASSERTIONS = NO;
				ENABLE_STRICT_OBJC_MSGSEND = YES;
				GCC_C_LANGUAGE_STANDARD = gnu11;
				GCC_NO_COMMON_BLOCKS = YES;
				GCC_WARN_64_TO_32_BIT_CONVERSION = YES;
				GCC_WARN_ABOUT_RETURN_TYPE = YES_ERROR;
				GCC_WARN_UNDECLARED_SELECTOR = YES;
				GCC_WARN_UNINITIALIZED_AUTOS = YES_AGGRESSIVE;
				GCC_WARN_UNUSED_FUNCTION = YES;
				GCC_WARN_UNUSED_VARIABLE = YES;
				IPHONEOS_DEPLOYMENT_TARGET = 12.1;
				MTL_ENABLE_DEBUG_INFO = NO;
				MTL_FAST_MATH = YES;
				SDKROOT = iphoneos;
				SWIFT_COMPILATION_MODE = wholemodule;
				SWIFT_OPTIMIZATION_LEVEL = "-O";
				VALIDATE_PRODUCT = YES;
			};
			name = Release;
		};
		496ED92627589B8A002174B7 /* Debug */ = {
			isa = XCBuildConfiguration;
			buildSettings = {
				ALWAYS_EMBED_SWIFT_STANDARD_LIBRARIES = YES;
				ASSETCATALOG_COMPILER_APPICON_NAME = AppIcon;
				ASSETCATALOG_COMPILER_GLOBAL_ACCENT_COLOR_NAME = AccentColor;
				CODE_SIGN_ENTITLEMENTS = CTNotificationContentExampleSPM/CTNotificationContentExampleSPM.entitlements;
				CODE_SIGN_STYLE = Automatic;
				DEVELOPMENT_TEAM = A5J34NR598;
				INFOPLIST_FILE = CTNotificationContentExampleSPM/Info.plist;
				IPHONEOS_DEPLOYMENT_TARGET = 12.1;
				LD_RUNPATH_SEARCH_PATHS = (
					"$(inherited)",
					"@executable_path/Frameworks",
				);
				PRODUCT_BUNDLE_IDENTIFIER = com.clevertap.CTNotificationContentExample;
				PRODUCT_NAME = "$(TARGET_NAME)";
				SWIFT_VERSION = 5.0;
				TARGETED_DEVICE_FAMILY = "1,2";
			};
			name = Debug;
		};
		496ED92727589B8A002174B7 /* Release */ = {
			isa = XCBuildConfiguration;
			buildSettings = {
				ALWAYS_EMBED_SWIFT_STANDARD_LIBRARIES = YES;
				ASSETCATALOG_COMPILER_APPICON_NAME = AppIcon;
				ASSETCATALOG_COMPILER_GLOBAL_ACCENT_COLOR_NAME = AccentColor;
				CODE_SIGN_ENTITLEMENTS = CTNotificationContentExampleSPM/CTNotificationContentExampleSPM.entitlements;
				CODE_SIGN_STYLE = Automatic;
				DEVELOPMENT_TEAM = A5J34NR598;
				INFOPLIST_FILE = CTNotificationContentExampleSPM/Info.plist;
				IPHONEOS_DEPLOYMENT_TARGET = 12.1;
				LD_RUNPATH_SEARCH_PATHS = (
					"$(inherited)",
					"@executable_path/Frameworks",
				);
				PRODUCT_BUNDLE_IDENTIFIER = com.clevertap.CTNotificationContentExample;
				PRODUCT_NAME = "$(TARGET_NAME)";
				SWIFT_VERSION = 5.0;
				TARGETED_DEVICE_FAMILY = "1,2";
			};
			name = Release;
		};
		496ED93527589BB8002174B7 /* Debug */ = {
			isa = XCBuildConfiguration;
			buildSettings = {
				CODE_SIGN_STYLE = Automatic;
				DEVELOPMENT_TEAM = A5J34NR598;
				INFOPLIST_FILE = NotificationService/Info.plist;
				IPHONEOS_DEPLOYMENT_TARGET = 12.1;
				LD_RUNPATH_SEARCH_PATHS = (
					"$(inherited)",
					"@executable_path/Frameworks",
					"@executable_path/../../Frameworks",
				);
				PRODUCT_BUNDLE_IDENTIFIER = com.clevertap.CTNotificationContentExample.NotificationService;
				PRODUCT_NAME = "$(TARGET_NAME)";
				SKIP_INSTALL = YES;
				SWIFT_VERSION = 5.0;
				TARGETED_DEVICE_FAMILY = "1,2";
			};
			name = Debug;
		};
		496ED93627589BB8002174B7 /* Release */ = {
			isa = XCBuildConfiguration;
			buildSettings = {
				CODE_SIGN_STYLE = Automatic;
				DEVELOPMENT_TEAM = A5J34NR598;
				INFOPLIST_FILE = NotificationService/Info.plist;
				IPHONEOS_DEPLOYMENT_TARGET = 12.1;
				LD_RUNPATH_SEARCH_PATHS = (
					"$(inherited)",
					"@executable_path/Frameworks",
					"@executable_path/../../Frameworks",
				);
				PRODUCT_BUNDLE_IDENTIFIER = com.clevertap.CTNotificationContentExample.NotificationService;
				PRODUCT_NAME = "$(TARGET_NAME)";
				SKIP_INSTALL = YES;
				SWIFT_VERSION = 5.0;
				TARGETED_DEVICE_FAMILY = "1,2";
			};
			name = Release;
		};
		496ED97027589E87002174B7 /* Debug */ = {
			isa = XCBuildConfiguration;
			buildSettings = {
				CODE_SIGN_STYLE = Automatic;
				DEVELOPMENT_TEAM = A5J34NR598;
				INFOPLIST_FILE = NotificationContent/Info.plist;
				IPHONEOS_DEPLOYMENT_TARGET = 12.1;
				LD_RUNPATH_SEARCH_PATHS = (
					"$(inherited)",
					"@executable_path/Frameworks",
					"@executable_path/../../Frameworks",
				);
				PRODUCT_BUNDLE_IDENTIFIER = com.clevertap.CTNotificationContentExample.NotificationContent;
				PRODUCT_NAME = "$(TARGET_NAME)";
				SKIP_INSTALL = YES;
				SWIFT_VERSION = 5.0;
				TARGETED_DEVICE_FAMILY = "1,2";
			};
			name = Debug;
		};
		496ED97127589E87002174B7 /* Release */ = {
			isa = XCBuildConfiguration;
			buildSettings = {
				CODE_SIGN_STYLE = Automatic;
				DEVELOPMENT_TEAM = A5J34NR598;
				INFOPLIST_FILE = NotificationContent/Info.plist;
				IPHONEOS_DEPLOYMENT_TARGET = 12.1;
				LD_RUNPATH_SEARCH_PATHS = (
					"$(inherited)",
					"@executable_path/Frameworks",
					"@executable_path/../../Frameworks",
				);
				PRODUCT_BUNDLE_IDENTIFIER = com.clevertap.CTNotificationContentExample.NotificationContent;
				PRODUCT_NAME = "$(TARGET_NAME)";
				SKIP_INSTALL = YES;
				SWIFT_VERSION = 5.0;
				TARGETED_DEVICE_FAMILY = "1,2";
			};
			name = Release;
		};
/* End XCBuildConfiguration section */

/* Begin XCConfigurationList section */
		496ED90C27589B88002174B7 /* Build configuration list for PBXProject "CTNotificationContentExampleSPM" */ = {
			isa = XCConfigurationList;
			buildConfigurations = (
				496ED92327589B8A002174B7 /* Debug */,
				496ED92427589B8A002174B7 /* Release */,
			);
			defaultConfigurationIsVisible = 0;
			defaultConfigurationName = Release;
		};
		496ED92527589B8A002174B7 /* Build configuration list for PBXNativeTarget "CTNotificationContentExampleSPM" */ = {
			isa = XCConfigurationList;
			buildConfigurations = (
				496ED92627589B8A002174B7 /* Debug */,
				496ED92727589B8A002174B7 /* Release */,
			);
			defaultConfigurationIsVisible = 0;
			defaultConfigurationName = Release;
		};
		496ED93427589BB8002174B7 /* Build configuration list for PBXNativeTarget "NotificationService" */ = {
			isa = XCConfigurationList;
			buildConfigurations = (
				496ED93527589BB8002174B7 /* Debug */,
				496ED93627589BB8002174B7 /* Release */,
			);
			defaultConfigurationIsVisible = 0;
			defaultConfigurationName = Release;
		};
		496ED96F27589E87002174B7 /* Build configuration list for PBXNativeTarget "NotificationContent" */ = {
			isa = XCConfigurationList;
			buildConfigurations = (
				496ED97027589E87002174B7 /* Debug */,
				496ED97127589E87002174B7 /* Release */,
			);
			defaultConfigurationIsVisible = 0;
			defaultConfigurationName = Release;
		};
/* End XCConfigurationList section */

/* Begin XCRemoteSwiftPackageReference section */
		496ED94F27589CBD002174B7 /* XCRemoteSwiftPackageReference "clevertap-ios-sdk" */ = {
			isa = XCRemoteSwiftPackageReference;
			repositoryURL = "https://github.com/CleverTap/clevertap-ios-sdk.git";
			requirement = {
				kind = upToNextMajorVersion;
				minimumVersion = 3.10.0;
			};
		};
		496ED95227589CCC002174B7 /* XCRemoteSwiftPackageReference "CTNotificationService" */ = {
			isa = XCRemoteSwiftPackageReference;
			repositoryURL = "https://github.com/CleverTap/CTNotificationService.git";
			requirement = {
				kind = upToNextMajorVersion;
				minimumVersion = 0.1.4;
			};
		};
		496ED95727589D39002174B7 /* XCRemoteSwiftPackageReference "CTNotificationContent" */ = {
			isa = XCRemoteSwiftPackageReference;
			repositoryURL = "https://github.com/CleverTap/CTNotificationContent.git";
			requirement = {
				branch = "SDK-1132-SwiftRewriteContent";
				kind = branch;
			};
		};
/* End XCRemoteSwiftPackageReference section */

/* Begin XCSwiftPackageProductDependency section */
		496ED95027589CBD002174B7 /* CleverTapSDK */ = {
			isa = XCSwiftPackageProductDependency;
			package = 496ED94F27589CBD002174B7 /* XCRemoteSwiftPackageReference "clevertap-ios-sdk" */;
			productName = CleverTapSDK;
		};
		496ED95327589CCC002174B7 /* CTNotificationService */ = {
			isa = XCSwiftPackageProductDependency;
			package = 496ED95227589CCC002174B7 /* XCRemoteSwiftPackageReference "CTNotificationService" */;
			productName = CTNotificationService;
		};
		496ED95527589CE0002174B7 /* CTNotificationService */ = {
			isa = XCSwiftPackageProductDependency;
			package = 496ED95227589CCC002174B7 /* XCRemoteSwiftPackageReference "CTNotificationService" */;
			productName = CTNotificationService;
		};
		496ED95827589D39002174B7 /* CTNotificationContent */ = {
			isa = XCSwiftPackageProductDependency;
			package = 496ED95727589D39002174B7 /* XCRemoteSwiftPackageReference "CTNotificationContent" */;
			productName = CTNotificationContent;
		};
		496ED97227589E9B002174B7 /* CTNotificationContent */ = {
			isa = XCSwiftPackageProductDependency;
			package = 496ED95727589D39002174B7 /* XCRemoteSwiftPackageReference "CTNotificationContent" */;
			productName = CTNotificationContent;
		};
/* End XCSwiftPackageProductDependency section */
	};
	rootObject = 496ED90927589B88002174B7 /* Project object */;
}
